// !$*UTF8*$!
{
	archiveVersion = 1;
	classes = {
	};
	objectVersion = 60;
	objects = {

/* Begin PBXBuildFile section */
		A10000000000000000000001 /* FWBCoachApp.swift in Sources */ = {isa = PBXBuildFile; fileRef = A20000000000000000000001 /* FWBCoachApp.swift */; };
		A10000000000000000000002 /* CoachAppView.swift in Sources */ = {isa = PBXBuildFile; fileRef = A20000000000000000000002 /* CoachAppView.swift */; };
		A10000000000000000000004 /* Assets.xcassets in Resources */ = {isa = PBXBuildFile; fileRef = A20000000000000000000004 /* Assets.xcassets */; };
		A10000000000000000000010 /* PrivacyInfo.xcprivacy in Resources */ = {isa = PBXBuildFile; fileRef = A20000000000000000000010 /* PrivacyInfo.xcprivacy */; };
		A10000000000000000000005 /* AppConfiguration.swift in Sources */ = {isa = PBXBuildFile; fileRef = A20000000000000000000007 /* AppConfiguration.swift */; };
		A10000000000000000000006 /* AppModels.swift in Sources */ = {isa = PBXBuildFile; fileRef = A20000000000000000000008 /* AppModels.swift */; };
		A10000000000000000000007 /* AppStores.swift in Sources */ = {isa = PBXBuildFile; fileRef = A20000000000000000000009 /* AppStores.swift */; };
		A10000000000000000000008 /* BrandStyle.swift in Sources */ = {isa = PBXBuildFile; fileRef = A2000000000000000000000A /* BrandStyle.swift */; };
		A10000000000000000000009 /* LoginView.swift in Sources */ = {isa = PBXBuildFile; fileRef = A2000000000000000000000B /* LoginView.swift */; };
		A1000000000000000000000A /* ClientViews.swift in Sources */ = {isa = PBXBuildFile; fileRef = A2000000000000000000000C /* ClientViews.swift */; };
		A1000000000000000000000C /* WorkoutLoggerViews.swift in Sources */ = {isa = PBXBuildFile; fileRef = A2000000000000000000000E /* WorkoutLoggerViews.swift */; };
		C10000000000000000000001 /* WorkoutHistoryViews.swift in Sources */ = {isa = PBXBuildFile; fileRef = C20000000000000000000001 /* WorkoutHistoryViews.swift */; };
		D10000000000000000000001 /* NutritionViews.swift in Sources */ = {isa = PBXBuildFile; fileRef = D20000000000000000000001 /* NutritionViews.swift */; };
		D10000000000000000000002 /* NutritionCalculator.swift in Sources */ = {isa = PBXBuildFile; fileRef = D20000000000000000000002 /* NutritionCalculator.swift */; };
		E10000000000000000000001 /* RestTimer.swift in Sources */ = {isa = PBXBuildFile; fileRef = E20000000000000000000001 /* RestTimer.swift */; };
		E10000000000000000000002 /* WorkoutSettingsView.swift in Sources */ = {isa = PBXBuildFile; fileRef = E20000000000000000000002 /* WorkoutSettingsView.swift */; };
		F10000000000000000000001 /* ReadinessCheckIn.swift in Sources */ = {isa = PBXBuildFile; fileRef = F20000000000000000000001 /* ReadinessCheckIn.swift */; };
		F10000000000000000000002 /* OfflineWorkoutSync.swift in Sources */ = {isa = PBXBuildFile; fileRef = F20000000000000000000002 /* OfflineWorkoutSync.swift */; };
		F10000000000000000000003 /* ProgressViews.swift in Sources */ = {isa = PBXBuildFile; fileRef = F20000000000000000000003 /* ProgressViews.swift */; };
		F10000000000000000000005 /* CardioLoggingView.swift in Sources */ = {isa = PBXBuildFile; fileRef = F20000000000000000000005 /* CardioLoggingView.swift */; };
		F10000000000000000000006 /* ClientStatsViews.swift in Sources */ = {isa = PBXBuildFile; fileRef = F20000000000000000000006 /* ClientStatsViews.swift */; };
		F10000000000000000000007 /* HealthKitWorkoutSync.swift in Sources */ = {isa = PBXBuildFile; fileRef = F20000000000000000000007 /* HealthKitWorkoutSync.swift */; };
		F10000000000000000000009 /* AppearanceSettingsView.swift in Sources */ = {isa = PBXBuildFile; fileRef = F20000000000000000000009 /* AppearanceSettingsView.swift */; };
		F1000000000000000000000A /* WorkoutCelebration.swift in Sources */ = {isa = PBXBuildFile; fileRef = F2000000000000000000000A /* WorkoutCelebration.swift */; };
		F1000000000000000000000B /* ProgressSharing.swift in Sources */ = {isa = PBXBuildFile; fileRef = F2000000000000000000000B /* ProgressSharing.swift */; };
		F1000000000000000000000C /* ContinuitySync.swift in Sources */ = {isa = PBXBuildFile; fileRef = F2000000000000000000000C /* ContinuitySync.swift */; };
		T10000000000000000000001 /* ContinuitySyncTests.swift in Sources */ = {isa = PBXBuildFile; fileRef = T20000000000000000000001 /* ContinuitySyncTests.swift */; };
		F1000000000000000000000D /* WorkoutSequence.swift in Sources */ = {isa = PBXBuildFile; fileRef = F2000000000000000000000D /* WorkoutSequence.swift */; };
		G10000000000000000000001 /* WorkoutCalculators.swift in Sources */ = {isa = PBXBuildFile; fileRef = G20000000000000000000001 /* WorkoutCalculators.swift */; };
		T10000000000000000000002 /* WorkoutCalculatorsTests.swift in Sources */ = {isa = PBXBuildFile; fileRef = T20000000000000000000003 /* WorkoutCalculatorsTests.swift */; };
		H10000000000000000000001 /* WorkoutComments.swift in Sources */ = {isa = PBXBuildFile; fileRef = H20000000000000000000001 /* WorkoutComments.swift */; };
		H10000000000000000000002 /* WorkoutCommentStoreTests.swift in Sources */ = {isa = PBXBuildFile; fileRef = H20000000000000000000002 /* WorkoutCommentStoreTests.swift */; };
		N10000000000000000000001 /* NutritionCalculatorTests.swift in Sources */ = {isa = PBXBuildFile; fileRef = N20000000000000000000001 /* NutritionCalculatorTests.swift */; };
		S10000000000000000000001 /* ClientStatsTests.swift in Sources */ = {isa = PBXBuildFile; fileRef = S20000000000000000000001 /* ClientStatsTests.swift */; };
		F1000000000000000000000E /* FormCheckSubmissions.swift in Sources */ = {isa = PBXBuildFile; fileRef = F2000000000000000000000E /* FormCheckSubmissions.swift */; };
		F1000000000000000000000F /* WeeklyCoachCheckIn.swift in Sources */ = {isa = PBXBuildFile; fileRef = F2000000000000000000000F /* WeeklyCoachCheckIn.swift */; };
		F10000000000000000000010 /* NotificationsFeature.swift in Sources */ = {isa = PBXBuildFile; fileRef = F20000000000000000000010 /* NotificationsFeature.swift */; };
		F10000000000000000000011 /* NotificationAppDelegate.swift in Sources */ = {isa = PBXBuildFile; fileRef = F20000000000000000000011 /* NotificationAppDelegate.swift */; };
		B10000000000000000000001 /* Supabase in Frameworks */ = {isa = PBXBuildFile; productRef = B80000000000000000000001 /* Supabase */; };
/* End PBXBuildFile section */

/* Begin PBXContainerItemProxy section */
		T60000000000000000000001 /* PBXContainerItemProxy */ = {
			isa = PBXContainerItemProxy;
			containerPortal = A60000000000000000000001 /* Project object */;
			proxyType = 1;
			remoteGlobalIDString = A50000000000000000000001;
			remoteInfo = FWBCoach;
		};
/* End PBXContainerItemProxy section */

/* Begin PBXFileReference section */
		A20000000000000000000001 /* FWBCoachApp.swift */ = {isa = PBXFileReference; lastKnownFileType = sourcecode.swift; path = FWBCoachApp.swift; sourceTree = "<group>"; };
		A20000000000000000000002 /* CoachAppView.swift */ = {isa = PBXFileReference; lastKnownFileType = sourcecode.swift; path = CoachAppView.swift; sourceTree = "<group>"; };
		A20000000000000000000004 /* Assets.xcassets */ = {isa = PBXFileReference; lastKnownFileType = folder.assetcatalog; path = Assets.xcassets; sourceTree = "<group>"; };
		A20000000000000000000005 /* Info.plist */ = {isa = PBXFileReference; lastKnownFileType = text.plist.xml; path = Info.plist; sourceTree = "<group>"; };
		A20000000000000000000010 /* PrivacyInfo.xcprivacy */ = {isa = PBXFileReference; lastKnownFileType = text.xml; path = PrivacyInfo.xcprivacy; sourceTree = "<group>"; };
		A20000000000000000000006 /* FWBCoach.app */ = {isa = PBXFileReference; explicitFileType = wrapper.application; includeInIndex = 0; path = FWBCoach.app; sourceTree = BUILT_PRODUCTS_DIR; };
		A20000000000000000000007 /* AppConfiguration.swift */ = {isa = PBXFileReference; lastKnownFileType = sourcecode.swift; path = AppConfiguration.swift; sourceTree = "<group>"; };
		A20000000000000000000008 /* AppModels.swift */ = {isa = PBXFileReference; lastKnownFileType = sourcecode.swift; path = AppModels.swift; sourceTree = "<group>"; };
		A20000000000000000000009 /* AppStores.swift */ = {isa = PBXFileReference; lastKnownFileType = sourcecode.swift; path = AppStores.swift; sourceTree = "<group>"; };
		A2000000000000000000000A /* BrandStyle.swift */ = {isa = PBXFileReference; lastKnownFileType = sourcecode.swift; path = BrandStyle.swift; sourceTree = "<group>"; };
		A2000000000000000000000B /* LoginView.swift */ = {isa = PBXFileReference; lastKnownFileType = sourcecode.swift; path = LoginView.swift; sourceTree = "<group>"; };
		A2000000000000000000000C /* ClientViews.swift */ = {isa = PBXFileReference; lastKnownFileType = sourcecode.swift; path = ClientViews.swift; sourceTree = "<group>"; };
		A2000000000000000000000E /* WorkoutLoggerViews.swift */ = {isa = PBXFileReference; lastKnownFileType = sourcecode.swift; path = WorkoutLoggerViews.swift; sourceTree = "<group>"; };
		C20000000000000000000001 /* WorkoutHistoryViews.swift */ = {isa = PBXFileReference; lastKnownFileType = sourcecode.swift; path = WorkoutHistoryViews.swift; sourceTree = "<group>"; };
		D20000000000000000000001 /* NutritionViews.swift */ = {isa = PBXFileReference; lastKnownFileType = sourcecode.swift; path = NutritionViews.swift; sourceTree = "<group>"; };
		D20000000000000000000002 /* NutritionCalculator.swift */ = {isa = PBXFileReference; lastKnownFileType = sourcecode.swift; path = NutritionCalculator.swift; sourceTree = "<group>"; };
		E20000000000000000000001 /* RestTimer.swift */ = {isa = PBXFileReference; lastKnownFileType = sourcecode.swift; path = RestTimer.swift; sourceTree = "<group>"; };
		E20000000000000000000002 /* WorkoutSettingsView.swift */ = {isa = PBXFileReference; lastKnownFileType = sourcecode.swift; path = WorkoutSettingsView.swift; sourceTree = "<group>"; };
		F20000000000000000000001 /* ReadinessCheckIn.swift */ = {isa = PBXFileReference; lastKnownFileType = sourcecode.swift; path = ReadinessCheckIn.swift; sourceTree = "<group>"; };
		F20000000000000000000002 /* OfflineWorkoutSync.swift */ = {isa = PBXFileReference; lastKnownFileType = sourcecode.swift; path = OfflineWorkoutSync.swift; sourceTree = "<group>"; };
		F20000000000000000000003 /* ProgressViews.swift */ = {isa = PBXFileReference; lastKnownFileType = sourcecode.swift; path = ProgressViews.swift; sourceTree = "<group>"; };
		F20000000000000000000005 /* CardioLoggingView.swift */ = {isa = PBXFileReference; lastKnownFileType = sourcecode.swift; path = CardioLoggingView.swift; sourceTree = "<group>"; };
		F20000000000000000000006 /* ClientStatsViews.swift */ = {isa = PBXFileReference; lastKnownFileType = sourcecode.swift; path = ClientStatsViews.swift; sourceTree = "<group>"; };
		F20000000000000000000007 /* HealthKitWorkoutSync.swift */ = {isa = PBXFileReference; lastKnownFileType = sourcecode.swift; path = HealthKitWorkoutSync.swift; sourceTree = "<group>"; };
		F20000000000000000000008 /* FWBCoach.entitlements */ = {isa = PBXFileReference; lastKnownFileType = text.plist.entitlements; path = FWBCoach.entitlements; sourceTree = "<group>"; };
		F20000000000000000000009 /* AppearanceSettingsView.swift */ = {isa = PBXFileReference; lastKnownFileType = sourcecode.swift; path = AppearanceSettingsView.swift; sourceTree = "<group>"; };
		F2000000000000000000000A /* WorkoutCelebration.swift */ = {isa = PBXFileReference; lastKnownFileType = sourcecode.swift; path = WorkoutCelebration.swift; sourceTree = "<group>"; };
		F2000000000000000000000B /* ProgressSharing.swift */ = {isa = PBXFileReference; lastKnownFileType = sourcecode.swift; path = ProgressSharing.swift; sourceTree = "<group>"; };
		F2000000000000000000000C /* ContinuitySync.swift */ = {isa = PBXFileReference; lastKnownFileType = sourcecode.swift; path = ContinuitySync.swift; sourceTree = "<group>"; };
		T20000000000000000000001 /* ContinuitySyncTests.swift */ = {isa = PBXFileReference; lastKnownFileType = sourcecode.swift; path = ContinuitySyncTests.swift; sourceTree = "<group>"; };
		T20000000000000000000002 /* FWBCoachTests.xctest */ = {isa = PBXFileReference; explicitFileType = wrapper.cfbundle; includeInIndex = 0; path = FWBCoachTests.xctest; sourceTree = BUILT_PRODUCTS_DIR; };
		F2000000000000000000000D /* WorkoutSequence.swift */ = {isa = PBXFileReference; lastKnownFileType = sourcecode.swift; path = WorkoutSequence.swift; sourceTree = "<group>"; };
		G20000000000000000000001 /* WorkoutCalculators.swift */ = {isa = PBXFileReference; lastKnownFileType = sourcecode.swift; path = WorkoutCalculators.swift; sourceTree = "<group>"; };
		T20000000000000000000003 /* WorkoutCalculatorsTests.swift */ = {isa = PBXFileReference; lastKnownFileType = sourcecode.swift; path = WorkoutCalculatorsTests.swift; sourceTree = "<group>"; };
		H20000000000000000000001 /* WorkoutComments.swift */ = {isa = PBXFileReference; lastKnownFileType = sourcecode.swift; path = WorkoutComments.swift; sourceTree = "<group>"; };
		H20000000000000000000002 /* WorkoutCommentStoreTests.swift */ = {isa = PBXFileReference; lastKnownFileType = sourcecode.swift; path = WorkoutCommentStoreTests.swift; sourceTree = "<group>"; };
		N20000000000000000000001 /* NutritionCalculatorTests.swift */ = {isa = PBXFileReference; lastKnownFileType = sourcecode.swift; path = NutritionCalculatorTests.swift; sourceTree = "<group>"; };
		S20000000000000000000001 /* ClientStatsTests.swift */ = {isa = PBXFileReference; lastKnownFileType = sourcecode.swift; path = ClientStatsTests.swift; sourceTree = "<group>"; };
		F2000000000000000000000E /* FormCheckSubmissions.swift */ = {isa = PBXFileReference; lastKnownFileType = sourcecode.swift; path = FormCheckSubmissions.swift; sourceTree = "<group>"; };
		F2000000000000000000000F /* WeeklyCoachCheckIn.swift */ = {isa = PBXFileReference; lastKnownFileType = sourcecode.swift; path = WeeklyCoachCheckIn.swift; sourceTree = "<group>"; };
		F20000000000000000000010 /* NotificationsFeature.swift */ = {isa = PBXFileReference; lastKnownFileType = sourcecode.swift; path = NotificationsFeature.swift; sourceTree = "<group>"; };
		F20000000000000000000011 /* NotificationAppDelegate.swift */ = {isa = PBXFileReference; lastKnownFileType = sourcecode.swift; path = NotificationAppDelegate.swift; sourceTree = "<group>"; };
/* End PBXFileReference section */

/* Begin PBXContainerItemProxy section */
		T30000000000000000000001 /* PBXContainerItemProxy */ = {
			isa = PBXContainerItemProxy;
			containerPortal = A60000000000000000000001 /* Project object */;
			proxyType = 1;
			remoteGlobalIDString = A50000000000000000000001;
			remoteInfo = FWBCoach;
		};
/* End PBXContainerItemProxy section */

/* Begin PBXFrameworksBuildPhase section */
		A30000000000000000000001 /* Frameworks */ = {
			isa = PBXFrameworksBuildPhase;
			buildActionMask = 2147483647;
			files = (
				B10000000000000000000001 /* Supabase in Frameworks */,
			);
			runOnlyForDeploymentPostprocessing = 0;
		};
		T40000000000000000000001 /* Frameworks */ = {
			isa = PBXFrameworksBuildPhase;
			buildActionMask = 2147483647;
			files = (
			);
			runOnlyForDeploymentPostprocessing = 0;
		};
/* End PBXFrameworksBuildPhase section */

/* Begin PBXGroup section */
		A40000000000000000000001 = {
			isa = PBXGroup;
			children = (
				A40000000000000000000002 /* FWBCoach */,
				T50000000000000000000001 /* FWBCoachTests */,
				A40000000000000000000003 /* Products */,
			);
			sourceTree = "<group>";
		};
		T50000000000000000000001 /* FWBCoachTests */ = {
			isa = PBXGroup;
			children = (
				T20000000000000000000001 /* ContinuitySyncTests.swift */,
				T20000000000000000000003 /* WorkoutCalculatorsTests.swift */,
				H20000000000000000000002 /* WorkoutCommentStoreTests.swift */,
				N20000000000000000000001 /* NutritionCalculatorTests.swift */,
				S20000000000000000000001 /* ClientStatsTests.swift */,
			);
			path = FWBCoachTests;
			sourceTree = "<group>";
		};
		A40000000000000000000002 /* FWBCoach */ = {
			isa = PBXGroup;
			children = (
				A20000000000000000000001 /* FWBCoachApp.swift */,
				A20000000000000000000002 /* CoachAppView.swift */,
				A20000000000000000000007 /* AppConfiguration.swift */,
				A20000000000000000000008 /* AppModels.swift */,
				A20000000000000000000009 /* AppStores.swift */,
				A2000000000000000000000A /* BrandStyle.swift */,
				A2000000000000000000000B /* LoginView.swift */,
				A2000000000000000000000C /* ClientViews.swift */,
				A2000000000000000000000E /* WorkoutLoggerViews.swift */,
				F2000000000000000000000D /* WorkoutSequence.swift */,
				C20000000000000000000001 /* WorkoutHistoryViews.swift */,
				D20000000000000000000001 /* NutritionViews.swift */,
				D20000000000000000000002 /* NutritionCalculator.swift */,
				E20000000000000000000001 /* RestTimer.swift */,
				E20000000000000000000002 /* WorkoutSettingsView.swift */,
				F20000000000000000000001 /* ReadinessCheckIn.swift */,
				F20000000000000000000002 /* OfflineWorkoutSync.swift */,
				F20000000000000000000003 /* ProgressViews.swift */,
				F20000000000000000000005 /* CardioLoggingView.swift */,
				F20000000000000000000006 /* ClientStatsViews.swift */,
				F20000000000000000000007 /* HealthKitWorkoutSync.swift */,
				F20000000000000000000009 /* AppearanceSettingsView.swift */,
				F2000000000000000000000A /* WorkoutCelebration.swift */,
				F2000000000000000000000B /* ProgressSharing.swift */,
				F2000000000000000000000C /* ContinuitySync.swift */,
				G20000000000000000000001 /* WorkoutCalculators.swift */,
				H20000000000000000000001 /* WorkoutComments.swift */,
				F2000000000000000000000E /* FormCheckSubmissions.swift */,
				F2000000000000000000000F /* WeeklyCoachCheckIn.swift */,
				F20000000000000000000010 /* NotificationsFeature.swift */,
				F20000000000000000000011 /* NotificationAppDelegate.swift */,
				A20000000000000000000004 /* Assets.xcassets */,
				A20000000000000000000005 /* Info.plist */,
				A20000000000000000000010 /* PrivacyInfo.xcprivacy */,
				F20000000000000000000008 /* FWBCoach.entitlements */,
			);
			path = FWBCoach;
			sourceTree = "<group>";
		};
		A40000000000000000000003 /* Products */ = {
			isa = PBXGroup;
			children = (
				A20000000000000000000006 /* FWBCoach.app */,
				T20000000000000000000002 /* FWBCoachTests.xctest */,
			);
			name = Products;
			sourceTree = "<group>";
		};
/* End PBXGroup section */

/* Begin PBXNativeTarget section */
		A50000000000000000000001 /* FWBCoach */ = {
			isa = PBXNativeTarget;
			buildConfigurationList = A90000000000000000000002 /* Build configuration list for PBXNativeTarget "FWBCoach" */;
			buildPhases = (
				A30000000000000000000002 /* Sources */,
				A30000000000000000000001 /* Frameworks */,
				A30000000000000000000003 /* Resources */,
			);
			buildRules = (
			);
			dependencies = (
			);
			name = FWBCoach;
			packageProductDependencies = (
				B80000000000000000000001 /* Supabase */,
			);
			productName = FWBCoach;
			productReference = A20000000000000000000006 /* FWBCoach.app */;
			productType = "com.apple.product-type.application";
		};
		T60000000000000000000001 /* FWBCoachTests */ = {
			isa = PBXNativeTarget;
			buildConfigurationList = T90000000000000000000001 /* Build configuration list for PBXNativeTarget "FWBCoachTests" */;
			buildPhases = (
				T80000000000000000000001 /* Sources */,
				T40000000000000000000001 /* Frameworks */,
			);
			buildRules = (
			);
			dependencies = (
				T70000000000000000000001 /* PBXTargetDependency */,
			);
			name = FWBCoachTests;
			productName = FWBCoachTests;
			productReference = T20000000000000000000002 /* FWBCoachTests.xctest */;
			productType = "com.apple.product-type.bundle.unit-test";
		};
/* End PBXNativeTarget section */

/* Begin PBXProject section */
		A60000000000000000000001 /* Project object */ = {
			isa = PBXProject;
			attributes = {
				BuildIndependentTargetsInParallel = 1;
				LastSwiftUpdateCheck = 2660;
				LastUpgradeCheck = 2660;
				TargetAttributes = {
					A50000000000000000000001 = {
						CreatedOnToolsVersion = 26.6;
						SystemCapabilities = {
							com.apple.HealthKit = {
								enabled = 1;
							};
						};
					};
					T60000000000000000000001 = {
						CreatedOnToolsVersion = 26.6;
						TestTargetID = A50000000000000000000001;
					};
				};
			};
			buildConfigurationList = A90000000000000000000001 /* Build configuration list for PBXProject "FWBCoach" */;
			compatibilityVersion = "Xcode 15.0";
			developmentRegion = en;
			hasScannedForEncodings = 0;
			knownRegions = (
				en,
				Base,
			);
			mainGroup = A40000000000000000000001;
			packageReferences = (
				B70000000000000000000001 /* XCRemoteSwiftPackageReference "supabase-swift" */,
			);
			productRefGroup = A40000000000000000000003 /* Products */;
			projectDirPath = "";
			projectRoot = "";
			targets = (
				A50000000000000000000001 /* FWBCoach */,
				T60000000000000000000001 /* FWBCoachTests */,
			);
		};
/* End PBXProject section */

/* Begin PBXResourcesBuildPhase section */
		A30000000000000000000003 /* Resources */ = {
			isa = PBXResourcesBuildPhase;
			buildActionMask = 2147483647;
			files = (
				A10000000000000000000004 /* Assets.xcassets in Resources */,
				A10000000000000000000010 /* PrivacyInfo.xcprivacy in Resources */,
			);
			runOnlyForDeploymentPostprocessing = 0;
		};
		T30000000000000000000003 /* Resources */ = {
			isa = PBXResourcesBuildPhase;
			buildActionMask = 2147483647;
			files = (
			);
			runOnlyForDeploymentPostprocessing = 0;
		};
/* End PBXResourcesBuildPhase section */

/* Begin PBXSourcesBuildPhase section */
		A30000000000000000000002 /* Sources */ = {
			isa = PBXSourcesBuildPhase;
			buildActionMask = 2147483647;
			files = (
				A10000000000000000000001 /* FWBCoachApp.swift in Sources */,
				A10000000000000000000002 /* CoachAppView.swift in Sources */,
				A10000000000000000000005 /* AppConfiguration.swift in Sources */,
				A10000000000000000000006 /* AppModels.swift in Sources */,
				A10000000000000000000007 /* AppStores.swift in Sources */,
				A10000000000000000000008 /* BrandStyle.swift in Sources */,
				A10000000000000000000009 /* LoginView.swift in Sources */,
				A1000000000000000000000A /* ClientViews.swift in Sources */,
				A1000000000000000000000C /* WorkoutLoggerViews.swift in Sources */,
				F1000000000000000000000D /* WorkoutSequence.swift in Sources */,
				C10000000000000000000001 /* WorkoutHistoryViews.swift in Sources */,
				D10000000000000000000001 /* NutritionViews.swift in Sources */,
				D10000000000000000000002 /* NutritionCalculator.swift in Sources */,
				E10000000000000000000001 /* RestTimer.swift in Sources */,
				E10000000000000000000002 /* WorkoutSettingsView.swift in Sources */,
				F10000000000000000000001 /* ReadinessCheckIn.swift in Sources */,
				F10000000000000000000002 /* OfflineWorkoutSync.swift in Sources */,
				F10000000000000000000003 /* ProgressViews.swift in Sources */,
				F10000000000000000000005 /* CardioLoggingView.swift in Sources */,
				F10000000000000000000006 /* ClientStatsViews.swift in Sources */,
				F10000000000000000000007 /* HealthKitWorkoutSync.swift in Sources */,
				F10000000000000000000009 /* AppearanceSettingsView.swift in Sources */,
				F1000000000000000000000A /* WorkoutCelebration.swift in Sources */,
				F1000000000000000000000B /* ProgressSharing.swift in Sources */,
				F1000000000000000000000C /* ContinuitySync.swift in Sources */,
				G10000000000000000000001 /* WorkoutCalculators.swift in Sources */,
				H10000000000000000000001 /* WorkoutComments.swift in Sources */,
				F1000000000000000000000E /* FormCheckSubmissions.swift in Sources */,
				F1000000000000000000000F /* WeeklyCoachCheckIn.swift in Sources */,
				F10000000000000000000010 /* NotificationsFeature.swift in Sources */,
				F10000000000000000000011 /* NotificationAppDelegate.swift in Sources */,
			);
			runOnlyForDeploymentPostprocessing = 0;
		};
		T80000000000000000000001 /* Sources */ = {
			isa = PBXSourcesBuildPhase;
			buildActionMask = 2147483647;
			files = (
				T10000000000000000000001 /* ContinuitySyncTests.swift in Sources */,
				T10000000000000000000002 /* WorkoutCalculatorsTests.swift in Sources */,
				H10000000000000000000002 /* WorkoutCommentStoreTests.swift in Sources */,
				N10000000000000000000001 /* NutritionCalculatorTests.swift in Sources */,
				S10000000000000000000001 /* ClientStatsTests.swift in Sources */,
			);
			runOnlyForDeploymentPostprocessing = 0;
		};
/* End PBXSourcesBuildPhase section */

/* Begin PBXTargetDependency section */
		T70000000000000000000001 /* PBXTargetDependency */ = {
			isa = PBXTargetDependency;
			target = A50000000000000000000001 /* FWBCoach */;
			targetProxy = T30000000000000000000001 /* PBXContainerItemProxy */;
		};
/* End PBXTargetDependency section */

/* Begin XCBuildConfiguration section */
		A80000000000000000000001 /* Debug */ = {
			isa = XCBuildConfiguration;
			buildSettings = {
				ALWAYS_SEARCH_USER_PATHS = NO;
				CLANG_ENABLE_MODULES = YES;
				CLANG_ENABLE_OBJC_ARC = YES;
				COPY_PHASE_STRIP = NO;
				DEBUG_INFORMATION_FORMAT = dwarf;
				ENABLE_TESTABILITY = YES;
				GCC_C_LANGUAGE_STANDARD = gnu17;
				GCC_OPTIMIZATION_LEVEL = 0;
				GCC_PREPROCESSOR_DEFINITIONS = (
					"DEBUG=1",
					"$(inherited)",
				);
				IPHONEOS_DEPLOYMENT_TARGET = 16.0;
				MTL_ENABLE_DEBUG_INFO = INCLUDE_SOURCE;
				ONLY_ACTIVE_ARCH = YES;
				SDKROOT = iphoneos;
				SWIFT_ACTIVE_COMPILATION_CONDITIONS = DEBUG;
				SWIFT_OPTIMIZATION_LEVEL = "-Onone";
			};
			name = Debug;
		};
		A80000000000000000000002 /* Release */ = {
			isa = XCBuildConfiguration;
			buildSettings = {
				ALWAYS_SEARCH_USER_PATHS = NO;
				CLANG_ENABLE_MODULES = YES;
				CLANG_ENABLE_OBJC_ARC = YES;
				COPY_PHASE_STRIP = NO;
				DEBUG_INFORMATION_FORMAT = "dwarf-with-dsym";
				ENABLE_NS_ASSERTIONS = NO;
				GCC_C_LANGUAGE_STANDARD = gnu17;
				IPHONEOS_DEPLOYMENT_TARGET = 16.0;
				MTL_ENABLE_DEBUG_INFO = NO;
				SDKROOT = iphoneos;
				SWIFT_COMPILATION_MODE = wholemodule;
				VALIDATE_PRODUCT = YES;
			};
			name = Release;
		};
		A80000000000000000000003 /* Debug */ = {
			isa = XCBuildConfiguration;
			buildSettings = {
				ASSETCATALOG_COMPILER_APPICON_NAME = AppIcon;
				ASSETCATALOG_COMPILER_GLOBAL_ACCENT_COLOR_NAME = AccentColor;
				CODE_SIGN_STYLE = Automatic;
				CODE_SIGN_ENTITLEMENTS = FWBCoach/FWBCoach.entitlements;
				CURRENT_PROJECT_VERSION = 5;
				DEVELOPMENT_TEAM = 5Q4FU299QH;
				ENABLE_PREVIEWS = YES;
				GENERATE_INFOPLIST_FILE = NO;
				INFOPLIST_FILE = FWBCoach/Info.plist;
				IPHONEOS_DEPLOYMENT_TARGET = 16.0;
				LD_RUNPATH_SEARCH_PATHS = (
					"$(inherited)",
					"@executable_path/Frameworks",
				);
				MARKETING_VERSION = 1.0;
				PRODUCT_BUNDLE_IDENTIFIER = com.benjaminbenz.fwbcoach;
				PRODUCT_NAME = "$(TARGET_NAME)";
				SUPPORTED_PLATFORMS = "iphoneos iphonesimulator";
				SUPPORTS_MACCATALYST = NO;
				SWIFT_EMIT_LOC_STRINGS = YES;
				SWIFT_VERSION = 5.0;
				TARGETED_DEVICE_FAMILY = 1;
			};
			name = Debug;
		};
		A80000000000000000000004 /* Release */ = {
			isa = XCBuildConfiguration;
			buildSettings = {
				ASSETCATALOG_COMPILER_APPICON_NAME = AppIcon;
				ASSETCATALOG_COMPILER_GLOBAL_ACCENT_COLOR_NAME = AccentColor;
				"CODE_SIGN_IDENTITY[sdk=iphoneos*]" = "Apple Distribution";
				CODE_SIGN_STYLE = Manual;
				CODE_SIGN_ENTITLEMENTS = FWBCoach/FWBCoach.entitlements;
				CURRENT_PROJECT_VERSION = 5;
				DEVELOPMENT_TEAM = 5Q4FU299QH;
				ENABLE_PREVIEWS = YES;
				GENERATE_INFOPLIST_FILE = NO;
				INFOPLIST_FILE = FWBCoach/Info.plist;
				IPHONEOS_DEPLOYMENT_TARGET = 16.0;
				LD_RUNPATH_SEARCH_PATHS = (
					"$(inherited)",
					"@executable_path/Frameworks",
				);
				MARKETING_VERSION = 1.0;
				PRODUCT_BUNDLE_IDENTIFIER = com.benjaminbenz.fwbcoach;
				PRODUCT_NAME = "$(TARGET_NAME)";
				"PROVISIONING_PROFILE_SPECIFIER[sdk=iphoneos*]" = "270df21f-119c-4b50-b402-2e0b50292ad3";
				SUPPORTED_PLATFORMS = "iphoneos iphonesimulator";
				SUPPORTS_MACCATALYST = NO;
				SWIFT_EMIT_LOC_STRINGS = YES;
				SWIFT_VERSION = 5.0;
				TARGETED_DEVICE_FAMILY = 1;
			};
			name = Release;
		};
		T81000000000000000000001 /* Debug */ = {
			isa = XCBuildConfiguration;
			buildSettings = {
				BUNDLE_LOADER = "$(TEST_HOST)";
				CODE_SIGN_STYLE = Automatic;
				DEVELOPMENT_TEAM = 5Q4FU299QH;
				GENERATE_INFOPLIST_FILE = YES;
				IPHONEOS_DEPLOYMENT_TARGET = 16.0;
				PRODUCT_BUNDLE_IDENTIFIER = com.benjaminbenz.fwbcoach.tests;
				PRODUCT_NAME = "$(TARGET_NAME)";
				SUPPORTED_PLATFORMS = "iphoneos iphonesimulator";
				SWIFT_VERSION = 5.0;
				TARGETED_DEVICE_FAMILY = 1;
				TEST_HOST = "$(BUILT_PRODUCTS_DIR)/FWBCoach.app/$(BUNDLE_EXECUTABLE_FOLDER_PATH)/FWBCoach";
			};
			name = Debug;
		};
		T81000000000000000000002 /* Release */ = {
			isa = XCBuildConfiguration;
			buildSettings = {
				BUNDLE_LOADER = "$(TEST_HOST)";
				CODE_SIGN_STYLE = Automatic;
				DEVELOPMENT_TEAM = 5Q4FU299QH;
				GENERATE_INFOPLIST_FILE = YES;
				IPHONEOS_DEPLOYMENT_TARGET = 16.0;
				PRODUCT_BUNDLE_IDENTIFIER = com.benjaminbenz.fwbcoach.tests;
				PRODUCT_NAME = "$(TARGET_NAME)";
				SUPPORTED_PLATFORMS = "iphoneos iphonesimulator";
				SWIFT_VERSION = 5.0;
				TARGETED_DEVICE_FAMILY = 1;
				TEST_HOST = "$(BUILT_PRODUCTS_DIR)/FWBCoach.app/$(BUNDLE_EXECUTABLE_FOLDER_PATH)/FWBCoach";
			};
			name = Release;
		};
/* End XCBuildConfiguration section */

/* Begin XCConfigurationList section */
		A90000000000000000000001 /* Build configuration list for PBXProject "FWBCoach" */ = {
			isa = XCConfigurationList;
			buildConfigurations = (
				A80000000000000000000001 /* Debug */,
				A80000000000000000000002 /* Release */,
			);
			defaultConfigurationIsVisible = 0;
			defaultConfigurationName = Release;
		};
		A90000000000000000000002 /* Build configuration list for PBXNativeTarget "FWBCoach" */ = {
			isa = XCConfigurationList;
			buildConfigurations = (
				A80000000000000000000003 /* Debug */,
				A80000000000000000000004 /* Release */,
			);
			defaultConfigurationIsVisible = 0;
			defaultConfigurationName = Release;
		};
		T90000000000000000000001 /* Build configuration list for PBXNativeTarget "FWBCoachTests" */ = {
			isa = XCConfigurationList;
			buildConfigurations = (
				T81000000000000000000001 /* Debug */,
				T81000000000000000000002 /* Release */,
			);
			defaultConfigurationIsVisible = 0;
			defaultConfigurationName = Release;
		};
/* End XCConfigurationList section */

/* Begin XCRemoteSwiftPackageReference section */
		B70000000000000000000001 /* XCRemoteSwiftPackageReference "supabase-swift" */ = {
			isa = XCRemoteSwiftPackageReference;
			repositoryURL = "https://github.com/supabase/supabase-swift.git";
			requirement = {
				kind = exactVersion;
				version = 2.55.1;
			};
		};
/* End XCRemoteSwiftPackageReference section */

/* Begin XCSwiftPackageProductDependency section */
		B80000000000000000000001 /* Supabase */ = {
			isa = XCSwiftPackageProductDependency;
			package = B70000000000000000000001 /* XCRemoteSwiftPackageReference "supabase-swift" */;
			productName = Supabase;
		};
/* End XCSwiftPackageProductDependency section */
	};
	rootObject = A60000000000000000000001 /* Project object */;
}
