// !$*UTF8*$!
{
	archiveVersion = 1;
	classes = {
	};
	objectVersion = 60;
	objects = {

/* Begin PBXBuildFile section */
		00DA5E862CB189211D15F970 /* ClientAchievementViews.swift in Sources */ = {isa = PBXBuildFile; fileRef = 0D3DC9D86A1163ADF152F66C /* ClientAchievementViews.swift */; };
		05855CE7EEF080E93D125A38 /* AppleHealthImportReader.swift in Sources */ = {isa = PBXBuildFile; fileRef = DF010AAA38BDCC9ADCED0D8D /* AppleHealthImportReader.swift */; };
		0D4121BEFD32D0934420155A /* WorkoutGenerator.swift in Sources */ = {isa = PBXBuildFile; fileRef = 8B636479D2FF5F2800B17211 /* WorkoutGenerator.swift */; };
		0EC5C1945141893009B71B48 /* AppleHealthImportModels.swift in Sources */ = {isa = PBXBuildFile; fileRef = 50EA0705F7DC1BFD528E5D70 /* AppleHealthImportModels.swift */; };
		102BB7F07F0613E3BCC03B08 /* MessagingStoreTests.swift in Sources */ = {isa = PBXBuildFile; fileRef = BEB5076431788D664E655587 /* MessagingStoreTests.swift */; };
		137AA31CE8BD4AFC954D55F8 /* CoachClientRecordsTests.swift in Sources */ = {isa = PBXBuildFile; fileRef = 96C2C2EC33D9ECE5C4BA26B3 /* CoachClientRecordsTests.swift */; };
		15C06EF75B22D6662B9FD5D3 /* CoachNotificationInboxView.swift in Sources */ = {isa = PBXBuildFile; fileRef = 069F04CA235D79DEA5F9DE0A /* CoachNotificationInboxView.swift */; };
		1858205848BA0F307CABF6D4 /* AppleHealthImportTests.swift in Sources */ = {isa = PBXBuildFile; fileRef = 0B971E8C5154CE645F065B7D /* AppleHealthImportTests.swift */; };
		1C3639254B3C0B94F54C6281 /* DailyWorkoutRecommendation.swift in Sources */ = {isa = PBXBuildFile; fileRef = 810E8FDE97165388CBFEFC57 /* DailyWorkoutRecommendation.swift */; };
		21629A0BF45019058362D020 /* ClientDexaModels.swift in Sources */ = {isa = PBXBuildFile; fileRef = 12CA1C55648B2B103ED65647 /* ClientDexaModels.swift */; };
		25FFD8A53CE09DD3873B51F6 /* WatchCompanionBridge.swift in Sources */ = {isa = PBXBuildFile; fileRef = 777A0AAC40A49C85CC829319 /* WatchCompanionBridge.swift */; };
		2694D2801BD2598D943A371C /* ProfilePhotoStore.swift in Sources */ = {isa = PBXBuildFile; fileRef = 435A5BCA30F8F24594009A58 /* ProfilePhotoStore.swift */; };
		283A9071674CBD8F4476692D /* FWBWatchModels.swift in Sources */ = {isa = PBXBuildFile; fileRef = CD59027FDCDF947D8D04AB77 /* FWBWatchModels.swift */; };
		2CF155337EC5A3DCF85427CC /* WorkoutProgressionAudit.swift in Sources */ = {isa = PBXBuildFile; fileRef = 028E0D855A9EBD518593961A /* WorkoutProgressionAudit.swift */; };
		30AACB3159528679EAECF3C3 /* CoachSharedHealthTests.swift in Sources */ = {isa = PBXBuildFile; fileRef = 9A9C4ADE1EF0C2CDB81603A5 /* CoachSharedHealthTests.swift */; };
		33097F032AB8054EF553EC97 /* ActiveWorkoutSession.swift in Sources */ = {isa = PBXBuildFile; fileRef = 852358373FBFF4E18AE55B50 /* ActiveWorkoutSession.swift */; };
		353E7AF38BCCF116BF2924DD /* MessagingStore.swift in Sources */ = {isa = PBXBuildFile; fileRef = 7365EE2747CB79F812D5D35C /* MessagingStore.swift */; };
		379BF6F2184930F477E85B40 /* CoachSharedHealthView.swift in Sources */ = {isa = PBXBuildFile; fileRef = 74BCFFB93C809BD07448DDC0 /* CoachSharedHealthView.swift */; };
		434CD979F40DD242C665D301 /* WorkoutProgression.swift in Sources */ = {isa = PBXBuildFile; fileRef = 0EC722D632C8A737A1DC051B /* WorkoutProgression.swift */; };
		4782A5BF1DBEBC986126EE49 /* DailyCheckInPromptTests.swift in Sources */ = {isa = PBXBuildFile; fileRef = 9C18FC30FBF4F402B101625B /* DailyCheckInPromptTests.swift */; };
		48839183992BB29772A29D9D /* WorkoutHistoryDeletionTests.swift in Sources */ = {isa = PBXBuildFile; fileRef = 026BCEF7EF6A16DEF0A51114 /* WorkoutHistoryDeletionTests.swift */; };
		4A5A97E321F4A9D5FE469A88 /* CoachClientRecords.swift in Sources */ = {isa = PBXBuildFile; fileRef = 134200ECD684FE0260460ABE /* CoachClientRecords.swift */; };
		4B708C78938E3D0A89FB4D2D /* ProfilePhotoProcessorTests.swift in Sources */ = {isa = PBXBuildFile; fileRef = 26291491A6EA5B5C35052E49 /* ProfilePhotoProcessorTests.swift */; };
		4EA178B49F425520CE5E73C4 /* ClientAchievementAudit.swift in Sources */ = {isa = PBXBuildFile; fileRef = B79564043820F8884FA8ED1C /* ClientAchievementAudit.swift */; };
		4F2DDED1EE70C004D9536FFB /* CoachNotificationSettingsTests.swift in Sources */ = {isa = PBXBuildFile; fileRef = E16799FD9E408390477260B1 /* CoachNotificationSettingsTests.swift */; };
		503E5EE55F5C55D5E320CADB /* WorkoutSystemFeatures.swift in Sources */ = {isa = PBXBuildFile; fileRef = F9562C2230DD8F45C0B75086 /* WorkoutSystemFeatures.swift */; };
		547BEB1C6B34A0DC047A6F2D /* CoachAuthTests.swift in Sources */ = {isa = PBXBuildFile; fileRef = 4D80D7B035E075D09CCD1672 /* CoachAuthTests.swift */; };
		560BA1B09D0D06A2C1E5E652 /* WorkoutParityTests.swift in Sources */ = {isa = PBXBuildFile; fileRef = CA3A35B6CB8BBC921A5C1523 /* WorkoutParityTests.swift */; };
		56D4E42E5AF63F88A0322710 /* ProfilePhotoProcessor.swift in Sources */ = {isa = PBXBuildFile; fileRef = 561D8B1B403E99A8B93A6D71 /* ProfilePhotoProcessor.swift */; };
		5E02135F79162B9E8E6C2B49 /* AppleCompanionCoordinator.swift in Sources */ = {isa = PBXBuildFile; fileRef = 8D7FE5DFBBFF23BD9FA4C964 /* AppleCompanionCoordinator.swift */; };
		6225431E8F028BDCAD216D52 /* WorkoutDetectionNotificationTests.swift in Sources */ = {isa = PBXBuildFile; fileRef = EE74C3E81425670463230227 /* WorkoutDetectionNotificationTests.swift */; };
		6305930E2BB4A379DCD0AE5A /* SystemFeatureTests.swift in Sources */ = {isa = PBXBuildFile; fileRef = AB7E0F846BC9C42066A34282 /* SystemFeatureTests.swift */; };
		656B8018FBA492A4D71FD6B3 /* WorkoutGeneratorAudit.swift in Sources */ = {isa = PBXBuildFile; fileRef = 5575D99894ED70D465D1171A /* WorkoutGeneratorAudit.swift */; };
		679EA95D537386C818130509 /* WorkoutGeneratorView.swift in Sources */ = {isa = PBXBuildFile; fileRef = 1FA352B4EA6C33C0FBDD3DAC /* WorkoutGeneratorView.swift */; };
		6BB96A8484E50C367AF20D74 /* WatchCompanionTests.swift in Sources */ = {isa = PBXBuildFile; fileRef = 3486809C68541C07BA2FCCCD /* WatchCompanionTests.swift */; };
		6DA5D643DD27AFBBECA48A60 /* workout-progression.json in Resources */ = {isa = PBXBuildFile; fileRef = 195B91009E5EFB8A03A68DDF /* workout-progression.json */; };
		745DC4ED81525C82855C49B0 /* GymCheckIn.swift in Sources */ = {isa = PBXBuildFile; fileRef = 68DAAD655C0A0CF5C05C6ED3 /* GymCheckIn.swift */; };
		7973717A35AC280E6DFB561D /* RememberedProfileTests.swift in Sources */ = {isa = PBXBuildFile; fileRef = C10396AE19772FDEF46A8C44 /* RememberedProfileTests.swift */; };
		7E18E5A0865FF8AE25BDCF60 /* CoachNavigationContext.swift in Sources */ = {isa = PBXBuildFile; fileRef = 1E016BD2EFBABFA8576FE2CC /* CoachNavigationContext.swift */; };
		851A526E4DEBF8E238F1DF90 /* RememberedProfileStore.swift in Sources */ = {isa = PBXBuildFile; fileRef = 2A7C7B74D47B82A31134DA7B /* RememberedProfileStore.swift */; };
		863CBE8AC7BEB2ABE50F455E /* ActiveWorkoutSessionTests.swift in Sources */ = {isa = PBXBuildFile; fileRef = 5A4E222C52F27226E681E97B /* ActiveWorkoutSessionTests.swift */; };
		8BFD5E3666FC8A68EA1F4D83 /* SessionStoreTests.swift in Sources */ = {isa = PBXBuildFile; fileRef = 625AEAB8353B6CF129D222E2 /* SessionStoreTests.swift */; };
		95137257EA8AF24BA92A1C59 /* WorkoutGeneratorTests.swift in Sources */ = {isa = PBXBuildFile; fileRef = 2ABE0009F33631DB0FE11A78 /* WorkoutGeneratorTests.swift */; };
		97C48A12FDDE369AD48F0FA4 /* CoachWorkspaceStoreTests.swift in Sources */ = {isa = PBXBuildFile; fileRef = 43BADCE42CB1651378F6C672 /* CoachWorkspaceStoreTests.swift */; };
		9AE4394CF19C5E5E0C9266A9 /* CoachProgressSaveTests.swift in Sources */ = {isa = PBXBuildFile; fileRef = F8DBC9AD1DB4C805D38EFF6E /* CoachProgressSaveTests.swift */; };
		9C8B38A3FE908AF534A53075 /* WorkoutProgressionTests.swift in Sources */ = {isa = PBXBuildFile; fileRef = AB611745180D1B6A337E1951 /* WorkoutProgressionTests.swift */; };
		9D550E3C26EB405D1CE9E287 /* AppleHealthImportRepository.swift in Sources */ = {isa = PBXBuildFile; fileRef = 29A653AB808F1E28DA89D8A9 /* AppleHealthImportRepository.swift */; };
		9FBBF28010A2EA6E23D0E028 /* GymCheckInTests.swift in Sources */ = {isa = PBXBuildFile; fileRef = 5EDE78BC8D002D050FF0FE08 /* GymCheckInTests.swift */; };
		A0A1FDDC277C3A1F60E94887 /* WorkoutDetectionNotifications.swift in Sources */ = {isa = PBXBuildFile; fileRef = 5A6FA5F39F86CE5D93B4142C /* WorkoutDetectionNotifications.swift */; };
		A0C02299F5A258824AE9B074 /* AppleFeaturesAudit.swift in Sources */ = {isa = PBXBuildFile; fileRef = AD761B6AC291D219C2E3DFAD /* AppleFeaturesAudit.swift */; };
		A10000000000000000000001 /* FWBCoachApp.swift in Sources */ = {isa = PBXBuildFile; fileRef = A20000000000000000000001 /* FWBCoachApp.swift */; };
		A10000000000000000000002 /* CoachAppView.swift in Sources */ = {isa = PBXBuildFile; fileRef = A20000000000000000000002 /* CoachAppView.swift */; };
		A10000000000000000000004 /* Assets.xcassets in Resources */ = {isa = PBXBuildFile; fileRef = A20000000000000000000004 /* Assets.xcassets */; };
		A10000000000000000000005 /* AppConfiguration.swift in Sources */ = {isa = PBXBuildFile; fileRef = A20000000000000000000007 /* AppConfiguration.swift */; };
		A10000000000000000000006 /* AppModels.swift in Sources */ = {isa = PBXBuildFile; fileRef = A20000000000000000000008 /* AppModels.swift */; };
		A10000000000000000000007 /* AppStores.swift in Sources */ = {isa = PBXBuildFile; fileRef = A20000000000000000000009 /* AppStores.swift */; };
		A10000000000000000000008 /* BrandStyle.swift in Sources */ = {isa = PBXBuildFile; fileRef = A2000000000000000000000A /* BrandStyle.swift */; };
		A10000000000000000000009 /* LoginView.swift in Sources */ = {isa = PBXBuildFile; fileRef = A2000000000000000000000B /* LoginView.swift */; };
		A1000000000000000000000A /* ClientViews.swift in Sources */ = {isa = PBXBuildFile; fileRef = A2000000000000000000000C /* ClientViews.swift */; };
		A1000000000000000000000C /* WorkoutLoggerViews.swift in Sources */ = {isa = PBXBuildFile; fileRef = A2000000000000000000000E /* WorkoutLoggerViews.swift */; };
		A10000000000000000000010 /* PrivacyInfo.xcprivacy in Resources */ = {isa = PBXBuildFile; fileRef = A20000000000000000000010 /* PrivacyInfo.xcprivacy */; };
		A5C96776612243D51C7FE400 /* CoachProgramEditorTests.swift in Sources */ = {isa = PBXBuildFile; fileRef = 5D36B00E2BDA7F0273C1798E /* CoachProgramEditorTests.swift */; };
		A728A8BA7E8976A08970BF01 /* FeedbackParityTests.swift in Sources */ = {isa = PBXBuildFile; fileRef = 26F52B77A14E60917CC76CFF /* FeedbackParityTests.swift */; };
		A862B0997652A0ED2B059D6C /* CoachNotificationSettings.swift in Sources */ = {isa = PBXBuildFile; fileRef = B90292E68BE8A4A98E719D72 /* CoachNotificationSettings.swift */; };
		A9408551BFC1FB6F95FD2E24 /* ResumeWorkoutCard.swift in Sources */ = {isa = PBXBuildFile; fileRef = 058DD9525FBFB77653CEFF4A /* ResumeWorkoutCard.swift */; };
		ABA7A48C43EAFEA752EF17BD /* FWBActivityModels.swift in Sources */ = {isa = PBXBuildFile; fileRef = CCADE25793F842448FEEA5BA /* FWBActivityModels.swift */; };
		B10000000000000000000001 /* Supabase in Frameworks */ = {isa = PBXBuildFile; productRef = B80000000000000000000001 /* Supabase */; };
		B205449ADD81A3E9BAC0C47D /* RestTimerNotificationTests.swift in Sources */ = {isa = PBXBuildFile; fileRef = 1DB61679F813C56F82E72BBE /* RestTimerNotificationTests.swift */; };
		B44E70BC9B92D918B16EB81F /* ClientAchievementsTests.swift in Sources */ = {isa = PBXBuildFile; fileRef = ADAC5A926BF0C2BCB955B7D0 /* ClientAchievementsTests.swift */; };
		B73C9A99E64D9CC0B1D45227 /* WorkoutParityAudit.swift in Sources */ = {isa = PBXBuildFile; fileRef = 0D92EC26798EF3A46DF64E21 /* WorkoutParityAudit.swift */; };
		B78A11347F3FF781287ED724 /* MessagingAudit.swift in Sources */ = {isa = PBXBuildFile; fileRef = E010ABA2F96020653EC9006D /* MessagingAudit.swift */; };
		B7B5E1CDB3809AB2AD8E8F05 /* DailyMoodCheckInTests.swift in Sources */ = {isa = PBXBuildFile; fileRef = 1585E44A960870EB16EE6FB8 /* DailyMoodCheckInTests.swift */; };
		C10000000000000000000001 /* WorkoutHistoryViews.swift in Sources */ = {isa = PBXBuildFile; fileRef = C20000000000000000000001 /* WorkoutHistoryViews.swift */; };
		C1A316AF1A752DF4CC651AA4 /* AppleHealthImportViews.swift in Sources */ = {isa = PBXBuildFile; fileRef = 279AEA42970AF34B290782AF /* AppleHealthImportViews.swift */; };
		C475BFF58A8C5AFD8511ABF0 /* DailyCheckInFlow.swift in Sources */ = {isa = PBXBuildFile; fileRef = 628CB71BC2F55BB02714C536 /* DailyCheckInFlow.swift */; };
		C500AD928E865AE0B37C142F /* AppleHealthImportStore.swift in Sources */ = {isa = PBXBuildFile; fileRef = 617EB530FA53F34BB84472A7 /* AppleHealthImportStore.swift */; };
		C522AD1EA1F063F89E088D97 /* CoachProgramEditor.swift in Sources */ = {isa = PBXBuildFile; fileRef = 5C1BF895E2F33C8E282B407F /* CoachProgramEditor.swift */; };
		C6F38C7360DAA7E1035E4A24 /* CoachNotificationRoutingTests.swift in Sources */ = {isa = PBXBuildFile; fileRef = 2D6EE79AEF7AB9FAE94C0DF9 /* CoachNotificationRoutingTests.swift */; };
		CD8939AE68AAB4CF1CE0F560 /* ClientDexaViews.swift in Sources */ = {isa = PBXBuildFile; fileRef = 4A734E46FB2045D4921B70AE /* ClientDexaViews.swift */; };
		D0486386390BB38D6E346369 /* WorkoutProgressionIntegrationTests.swift in Sources */ = {isa = PBXBuildFile; fileRef = 3D9E1731E7CFB15A5286E5A3 /* WorkoutProgressionIntegrationTests.swift */; };
		D0958E9DFA1EA03254399ADC /* WorkoutProgressionSettings.swift in Sources */ = {isa = PBXBuildFile; fileRef = 055B08BEFAACB5CE1710B83C /* WorkoutProgressionSettings.swift */; };
		D10000000000000000000001 /* NutritionViews.swift in Sources */ = {isa = PBXBuildFile; fileRef = D20000000000000000000001 /* NutritionViews.swift */; };
		D10000000000000000000002 /* NutritionCalculator.swift in Sources */ = {isa = PBXBuildFile; fileRef = D20000000000000000000002 /* NutritionCalculator.swift */; };
		D2E4F2EF0923D4CBBD91E054 /* WorkoutSessionRestoreTests.swift in Sources */ = {isa = PBXBuildFile; fileRef = 19E469FC818075B74937F264 /* WorkoutSessionRestoreTests.swift */; };
		D9A13FF649FDAE2EE8CCED5D /* GeneratedWorkoutLaunchTests.swift in Sources */ = {isa = PBXBuildFile; fileRef = 8AE03EF43044B9042AB21B9D /* GeneratedWorkoutLaunchTests.swift */; };
		DDDA19137EEFDB98468DCFDC /* ClientDexaTests.swift in Sources */ = {isa = PBXBuildFile; fileRef = 6BC6780CAE7F7F385F0FAA3E /* ClientDexaTests.swift */; };
		DE10696AC47DE853BBD9986A /* ClientAchievements.swift in Sources */ = {isa = PBXBuildFile; fileRef = 8A3B97BA2D2CF8E175DD7863 /* ClientAchievements.swift */; };
		E10000000000000000000001 /* RestTimer.swift in Sources */ = {isa = PBXBuildFile; fileRef = E20000000000000000000001 /* RestTimer.swift */; };
		E10000000000000000000002 /* WorkoutSettingsView.swift in Sources */ = {isa = PBXBuildFile; fileRef = E20000000000000000000002 /* WorkoutSettingsView.swift */; };
		E1B130F89DA43C30827ABFA7 /* ProfilePhotoTests.swift in Sources */ = {isa = PBXBuildFile; fileRef = C3A6F39E90AB3785CA2BF2A1 /* ProfilePhotoTests.swift */; };
		E1EAF2094333F83839001BFA /* CoachClientDetailView.swift in Sources */ = {isa = PBXBuildFile; fileRef = 7E08D4D4086E00D3854E2162 /* CoachClientDetailView.swift */; };
		E441B02F3D88FE68FD999FC1 /* WorkoutParityViews.swift in Sources */ = {isa = PBXBuildFile; fileRef = B6F27174ADE48462030A87B1 /* WorkoutParityViews.swift */; };
		E4BBE50E3793426BB8C2A1BD /* GeneratedWorkoutLaunch.swift in Sources */ = {isa = PBXBuildFile; fileRef = A799C7AA86AC815B90499348 /* GeneratedWorkoutLaunch.swift */; };
		EA788C08568DBF4C6ABD9C68 /* MessagingViews.swift in Sources */ = {isa = PBXBuildFile; fileRef = BD71EA2C3088810ACBD38922 /* MessagingViews.swift */; };
		EFA60BC5F72F69FBE9AC9237 /* WorkoutProgressionIntegration.swift in Sources */ = {isa = PBXBuildFile; fileRef = 54E9A83FB0197CEF5E507D79 /* WorkoutProgressionIntegration.swift */; };
		EFDD1E2BF1B83AB4793EC0D7 /* DailyWorkoutRecommendationTests.swift in Sources */ = {isa = PBXBuildFile; fileRef = E0B272D11FE928C89CF6EFD2 /* DailyWorkoutRecommendationTests.swift */; };
		F0109BF3275FFCAF5191E95F /* CoachWorkspaceStore.swift in Sources */ = {isa = PBXBuildFile; fileRef = EFD8F78B25E4F9425B3DC2C3 /* CoachWorkspaceStore.swift */; };
		F10000000000000000000001 /* ReadinessCheckIn.swift in Sources */ = {isa = PBXBuildFile; fileRef = F20000000000000000000001 /* ReadinessCheckIn.swift */; };
		F10000000000000000000002 /* OfflineWorkoutSync.swift in Sources */ = {isa = PBXBuildFile; fileRef = F20000000000000000000002 /* OfflineWorkoutSync.swift */; };
		F10000000000000000000003 /* ProgressViews.swift in Sources */ = {isa = PBXBuildFile; fileRef = F20000000000000000000003 /* ProgressViews.swift */; };
		F10000000000000000000005 /* CardioLoggingView.swift in Sources */ = {isa = PBXBuildFile; fileRef = F20000000000000000000005 /* CardioLoggingView.swift */; };
		F10000000000000000000006 /* ClientStatsViews.swift in Sources */ = {isa = PBXBuildFile; fileRef = F20000000000000000000006 /* ClientStatsViews.swift */; };
		F10000000000000000000007 /* HealthKitWorkoutSync.swift in Sources */ = {isa = PBXBuildFile; fileRef = F20000000000000000000007 /* HealthKitWorkoutSync.swift */; };
		F10000000000000000000009 /* AppearanceSettingsView.swift in Sources */ = {isa = PBXBuildFile; fileRef = F20000000000000000000009 /* AppearanceSettingsView.swift */; };
		F1000000000000000000000A /* WorkoutCelebration.swift in Sources */ = {isa = PBXBuildFile; fileRef = F2000000000000000000000A /* WorkoutCelebration.swift */; };
		F1000000000000000000000B /* ProgressSharing.swift in Sources */ = {isa = PBXBuildFile; fileRef = F2000000000000000000000B /* ProgressSharing.swift */; };
		F1000000000000000000000C /* ContinuitySync.swift in Sources */ = {isa = PBXBuildFile; fileRef = F2000000000000000000000C /* ContinuitySync.swift */; };
		F1000000000000000000000D /* WorkoutSequence.swift in Sources */ = {isa = PBXBuildFile; fileRef = F2000000000000000000000D /* WorkoutSequence.swift */; };
		F1000000000000000000000E /* FormCheckSubmissions.swift in Sources */ = {isa = PBXBuildFile; fileRef = F2000000000000000000000E /* FormCheckSubmissions.swift */; };
		F1000000000000000000000F /* WeeklyCoachCheckIn.swift in Sources */ = {isa = PBXBuildFile; fileRef = F2000000000000000000000F /* WeeklyCoachCheckIn.swift */; };
		F10000000000000000000010 /* NotificationsFeature.swift in Sources */ = {isa = PBXBuildFile; fileRef = F20000000000000000000010 /* NotificationsFeature.swift */; };
		F10000000000000000000011 /* NotificationAppDelegate.swift in Sources */ = {isa = PBXBuildFile; fileRef = F20000000000000000000011 /* NotificationAppDelegate.swift */; };
		F2984B88492DF0040FA52B8A /* WorkoutParityModels.swift in Sources */ = {isa = PBXBuildFile; fileRef = C8513873A020FCD472AB152F /* WorkoutParityModels.swift */; };
		F3C01205F435BDA4011FD6A1 /* ClientDexaStore.swift in Sources */ = {isa = PBXBuildFile; fileRef = 31F49827A2DE640BD3DF9EAE /* ClientDexaStore.swift */; };
		F3F23C076224EAF0AC14CE4B /* ProfilePhotoViews.swift in Sources */ = {isa = PBXBuildFile; fileRef = F5880F20340C9F3DFFE0CEF4 /* ProfilePhotoViews.swift */; };
		F9A13D6084D4601B6B3EF8D2 /* CardioWatchPlans.swift in Sources */ = {isa = PBXBuildFile; fileRef = E80FEA181C239F1409B68647 /* CardioWatchPlans.swift */; };
		FA1000000000000000000002 /* ClientWebDestinations.swift in Sources */ = {isa = PBXBuildFile; fileRef = FA2000000000000000000002 /* ClientWebDestinations.swift */; };
		FA1000000000000000000003 /* Inter.ttf in Resources */ = {isa = PBXBuildFile; fileRef = FA2000000000000000000003 /* Inter.ttf */; };
		FA1000000000000000000004 /* Inter-OFL.txt in Resources */ = {isa = PBXBuildFile; fileRef = FA2000000000000000000004 /* Inter-OFL.txt */; };
		FA1000000000000000000005 /* WorkoutLayoutTests.swift in Sources */ = {isa = PBXBuildFile; fileRef = FA2000000000000000000005 /* WorkoutLayoutTests.swift */; };
		FB1000000000000000000001 /* ErrorReporting.swift in Sources */ = {isa = PBXBuildFile; fileRef = FB2000000000000000000001 /* ErrorReporting.swift */; };
		FB1000000000000000000002 /* ErrorReportingTests.swift in Sources */ = {isa = PBXBuildFile; fileRef = FB2000000000000000000002 /* ErrorReportingTests.swift */; };
		FB1000000000000000000003 /* Sentry in Frameworks */ = {isa = PBXBuildFile; productRef = FB8000000000000000000001 /* Sentry */; };
		FBC0D4AFC764E09C8C46F560 /* CoachWorkspaceView.swift in Sources */ = {isa = PBXBuildFile; fileRef = 9A497241511AFA26CAED5EA1 /* CoachWorkspaceView.swift */; };
		G10000000000000000000001 /* WorkoutCalculators.swift in Sources */ = {isa = PBXBuildFile; fileRef = G20000000000000000000001 /* WorkoutCalculators.swift */; };
		H10000000000000000000001 /* WorkoutComments.swift in Sources */ = {isa = PBXBuildFile; fileRef = H20000000000000000000001 /* WorkoutComments.swift */; };
		H10000000000000000000002 /* WorkoutCommentStoreTests.swift in Sources */ = {isa = PBXBuildFile; fileRef = H20000000000000000000002 /* WorkoutCommentStoreTests.swift */; };
		N10000000000000000000001 /* NutritionCalculatorTests.swift in Sources */ = {isa = PBXBuildFile; fileRef = N20000000000000000000001 /* NutritionCalculatorTests.swift */; };
		S10000000000000000000001 /* ClientStatsTests.swift in Sources */ = {isa = PBXBuildFile; fileRef = S20000000000000000000001 /* ClientStatsTests.swift */; };
		T10000000000000000000001 /* ContinuitySyncTests.swift in Sources */ = {isa = PBXBuildFile; fileRef = T20000000000000000000001 /* ContinuitySyncTests.swift */; };
		T10000000000000000000002 /* WorkoutCalculatorsTests.swift in Sources */ = {isa = PBXBuildFile; fileRef = T20000000000000000000003 /* WorkoutCalculatorsTests.swift */; };
/* End PBXBuildFile section */

/* Begin PBXContainerItemProxy section */
		T30000000000000000000001 /* PBXContainerItemProxy */ = {
			isa = PBXContainerItemProxy;
			containerPortal = A60000000000000000000001 /* Project object */;
			proxyType = 1;
			remoteGlobalIDString = A50000000000000000000001;
			remoteInfo = FWBCoach;
		};
/* End PBXContainerItemProxy section */

/* Begin PBXFileReference section */
		026BCEF7EF6A16DEF0A51114 /* WorkoutHistoryDeletionTests.swift */ = {isa = PBXFileReference; includeInIndex = 1; lastKnownFileType = sourcecode.swift; path = WorkoutHistoryDeletionTests.swift; sourceTree = "<group>"; };
		028E0D855A9EBD518593961A /* WorkoutProgressionAudit.swift */ = {isa = PBXFileReference; includeInIndex = 1; lastKnownFileType = sourcecode.swift; path = WorkoutProgressionAudit.swift; sourceTree = "<group>"; };
		055B08BEFAACB5CE1710B83C /* WorkoutProgressionSettings.swift */ = {isa = PBXFileReference; includeInIndex = 1; lastKnownFileType = sourcecode.swift; path = WorkoutProgressionSettings.swift; sourceTree = "<group>"; };
		058DD9525FBFB77653CEFF4A /* ResumeWorkoutCard.swift */ = {isa = PBXFileReference; includeInIndex = 1; lastKnownFileType = sourcecode.swift; path = ResumeWorkoutCard.swift; sourceTree = "<group>"; };
		069F04CA235D79DEA5F9DE0A /* CoachNotificationInboxView.swift */ = {isa = PBXFileReference; includeInIndex = 1; lastKnownFileType = sourcecode.swift; path = CoachNotificationInboxView.swift; sourceTree = "<group>"; };
		0B971E8C5154CE645F065B7D /* AppleHealthImportTests.swift */ = {isa = PBXFileReference; includeInIndex = 1; lastKnownFileType = sourcecode.swift; path = AppleHealthImportTests.swift; sourceTree = "<group>"; };
		0D3DC9D86A1163ADF152F66C /* ClientAchievementViews.swift */ = {isa = PBXFileReference; includeInIndex = 1; lastKnownFileType = sourcecode.swift; path = ClientAchievementViews.swift; sourceTree = "<group>"; };
		0D92EC26798EF3A46DF64E21 /* WorkoutParityAudit.swift */ = {isa = PBXFileReference; includeInIndex = 1; lastKnownFileType = sourcecode.swift; path = WorkoutParityAudit.swift; sourceTree = "<group>"; };
		0EC722D632C8A737A1DC051B /* WorkoutProgression.swift */ = {isa = PBXFileReference; includeInIndex = 1; lastKnownFileType = sourcecode.swift; path = WorkoutProgression.swift; sourceTree = "<group>"; };
		12CA1C55648B2B103ED65647 /* ClientDexaModels.swift */ = {isa = PBXFileReference; includeInIndex = 1; lastKnownFileType = sourcecode.swift; path = ClientDexaModels.swift; sourceTree = "<group>"; };
		134200ECD684FE0260460ABE /* CoachClientRecords.swift */ = {isa = PBXFileReference; includeInIndex = 1; lastKnownFileType = sourcecode.swift; path = CoachClientRecords.swift; sourceTree = "<group>"; };
		1585E44A960870EB16EE6FB8 /* DailyMoodCheckInTests.swift */ = {isa = PBXFileReference; includeInIndex = 1; lastKnownFileType = sourcecode.swift; path = DailyMoodCheckInTests.swift; sourceTree = "<group>"; };
		195B91009E5EFB8A03A68DDF /* workout-progression.json */ = {isa = PBXFileReference; includeInIndex = 1; name = "workout-progression.json"; path = "Fixtures/workout-progression.json"; sourceTree = "<group>"; };
		19E469FC818075B74937F264 /* WorkoutSessionRestoreTests.swift */ = {isa = PBXFileReference; includeInIndex = 1; lastKnownFileType = sourcecode.swift; path = WorkoutSessionRestoreTests.swift; sourceTree = "<group>"; };
		1DB61679F813C56F82E72BBE /* RestTimerNotificationTests.swift */ = {isa = PBXFileReference; includeInIndex = 1; lastKnownFileType = sourcecode.swift; path = RestTimerNotificationTests.swift; sourceTree = "<group>"; };
		1E016BD2EFBABFA8576FE2CC /* CoachNavigationContext.swift */ = {isa = PBXFileReference; includeInIndex = 1; lastKnownFileType = sourcecode.swift; path = CoachNavigationContext.swift; sourceTree = "<group>"; };
		1FA352B4EA6C33C0FBDD3DAC /* WorkoutGeneratorView.swift */ = {isa = PBXFileReference; includeInIndex = 1; lastKnownFileType = sourcecode.swift; path = WorkoutGeneratorView.swift; sourceTree = "<group>"; };
		26291491A6EA5B5C35052E49 /* ProfilePhotoProcessorTests.swift */ = {isa = PBXFileReference; includeInIndex = 1; lastKnownFileType = sourcecode.swift; path = ProfilePhotoProcessorTests.swift; sourceTree = "<group>"; };
		26F52B77A14E60917CC76CFF /* FeedbackParityTests.swift */ = {isa = PBXFileReference; includeInIndex = 1; lastKnownFileType = sourcecode.swift; path = FeedbackParityTests.swift; sourceTree = "<group>"; };
		279AEA42970AF34B290782AF /* AppleHealthImportViews.swift */ = {isa = PBXFileReference; includeInIndex = 1; lastKnownFileType = sourcecode.swift; path = AppleHealthImportViews.swift; sourceTree = "<group>"; };
		29A653AB808F1E28DA89D8A9 /* AppleHealthImportRepository.swift */ = {isa = PBXFileReference; includeInIndex = 1; lastKnownFileType = sourcecode.swift; path = AppleHealthImportRepository.swift; sourceTree = "<group>"; };
		2A7C7B74D47B82A31134DA7B /* RememberedProfileStore.swift */ = {isa = PBXFileReference; includeInIndex = 1; lastKnownFileType = sourcecode.swift; path = RememberedProfileStore.swift; sourceTree = "<group>"; };
		2ABE0009F33631DB0FE11A78 /* WorkoutGeneratorTests.swift */ = {isa = PBXFileReference; includeInIndex = 1; lastKnownFileType = sourcecode.swift; path = WorkoutGeneratorTests.swift; sourceTree = "<group>"; };
		2D6EE79AEF7AB9FAE94C0DF9 /* CoachNotificationRoutingTests.swift */ = {isa = PBXFileReference; includeInIndex = 1; lastKnownFileType = sourcecode.swift; path = CoachNotificationRoutingTests.swift; sourceTree = "<group>"; };
		31F49827A2DE640BD3DF9EAE /* ClientDexaStore.swift */ = {isa = PBXFileReference; includeInIndex = 1; lastKnownFileType = sourcecode.swift; path = ClientDexaStore.swift; sourceTree = "<group>"; };
		3486809C68541C07BA2FCCCD /* WatchCompanionTests.swift */ = {isa = PBXFileReference; includeInIndex = 1; lastKnownFileType = sourcecode.swift; path = WatchCompanionTests.swift; sourceTree = "<group>"; };
		3D9E1731E7CFB15A5286E5A3 /* WorkoutProgressionIntegrationTests.swift */ = {isa = PBXFileReference; includeInIndex = 1; lastKnownFileType = sourcecode.swift; path = WorkoutProgressionIntegrationTests.swift; sourceTree = "<group>"; };
		435A5BCA30F8F24594009A58 /* ProfilePhotoStore.swift */ = {isa = PBXFileReference; includeInIndex = 1; lastKnownFileType = sourcecode.swift; path = ProfilePhotoStore.swift; sourceTree = "<group>"; };
		43BADCE42CB1651378F6C672 /* CoachWorkspaceStoreTests.swift */ = {isa = PBXFileReference; includeInIndex = 1; lastKnownFileType = sourcecode.swift; path = CoachWorkspaceStoreTests.swift; sourceTree = "<group>"; };
		4A734E46FB2045D4921B70AE /* ClientDexaViews.swift */ = {isa = PBXFileReference; includeInIndex = 1; lastKnownFileType = sourcecode.swift; path = ClientDexaViews.swift; sourceTree = "<group>"; };
		4D80D7B035E075D09CCD1672 /* CoachAuthTests.swift */ = {isa = PBXFileReference; includeInIndex = 1; lastKnownFileType = sourcecode.swift; path = CoachAuthTests.swift; sourceTree = "<group>"; };
		50EA0705F7DC1BFD528E5D70 /* AppleHealthImportModels.swift */ = {isa = PBXFileReference; includeInIndex = 1; lastKnownFileType = sourcecode.swift; path = AppleHealthImportModels.swift; sourceTree = "<group>"; };
		54E9A83FB0197CEF5E507D79 /* WorkoutProgressionIntegration.swift */ = {isa = PBXFileReference; includeInIndex = 1; lastKnownFileType = sourcecode.swift; path = WorkoutProgressionIntegration.swift; sourceTree = "<group>"; };
		5575D99894ED70D465D1171A /* WorkoutGeneratorAudit.swift */ = {isa = PBXFileReference; includeInIndex = 1; lastKnownFileType = sourcecode.swift; path = WorkoutGeneratorAudit.swift; sourceTree = "<group>"; };
		561D8B1B403E99A8B93A6D71 /* ProfilePhotoProcessor.swift */ = {isa = PBXFileReference; includeInIndex = 1; lastKnownFileType = sourcecode.swift; path = ProfilePhotoProcessor.swift; sourceTree = "<group>"; };
		5A4E222C52F27226E681E97B /* ActiveWorkoutSessionTests.swift */ = {isa = PBXFileReference; includeInIndex = 1; lastKnownFileType = sourcecode.swift; path = ActiveWorkoutSessionTests.swift; sourceTree = "<group>"; };
		5A6FA5F39F86CE5D93B4142C /* WorkoutDetectionNotifications.swift */ = {isa = PBXFileReference; includeInIndex = 1; lastKnownFileType = sourcecode.swift; path = WorkoutDetectionNotifications.swift; sourceTree = "<group>"; };
		5C1BF895E2F33C8E282B407F /* CoachProgramEditor.swift */ = {isa = PBXFileReference; includeInIndex = 1; lastKnownFileType = sourcecode.swift; path = CoachProgramEditor.swift; sourceTree = "<group>"; };
		5D36B00E2BDA7F0273C1798E /* CoachProgramEditorTests.swift */ = {isa = PBXFileReference; includeInIndex = 1; lastKnownFileType = sourcecode.swift; path = CoachProgramEditorTests.swift; sourceTree = "<group>"; };
		5EDE78BC8D002D050FF0FE08 /* GymCheckInTests.swift */ = {isa = PBXFileReference; includeInIndex = 1; lastKnownFileType = sourcecode.swift; path = GymCheckInTests.swift; sourceTree = "<group>"; };
		617EB530FA53F34BB84472A7 /* AppleHealthImportStore.swift */ = {isa = PBXFileReference; includeInIndex = 1; lastKnownFileType = sourcecode.swift; path = AppleHealthImportStore.swift; sourceTree = "<group>"; };
		625AEAB8353B6CF129D222E2 /* SessionStoreTests.swift */ = {isa = PBXFileReference; includeInIndex = 1; lastKnownFileType = sourcecode.swift; path = SessionStoreTests.swift; sourceTree = "<group>"; };
		628CB71BC2F55BB02714C536 /* DailyCheckInFlow.swift */ = {isa = PBXFileReference; includeInIndex = 1; lastKnownFileType = sourcecode.swift; path = DailyCheckInFlow.swift; sourceTree = "<group>"; };
		68DAAD655C0A0CF5C05C6ED3 /* GymCheckIn.swift */ = {isa = PBXFileReference; includeInIndex = 1; lastKnownFileType = sourcecode.swift; path = GymCheckIn.swift; sourceTree = "<group>"; };
		6BC6780CAE7F7F385F0FAA3E /* ClientDexaTests.swift */ = {isa = PBXFileReference; includeInIndex = 1; lastKnownFileType = sourcecode.swift; path = ClientDexaTests.swift; sourceTree = "<group>"; };
		7365EE2747CB79F812D5D35C /* MessagingStore.swift */ = {isa = PBXFileReference; includeInIndex = 1; lastKnownFileType = sourcecode.swift; path = MessagingStore.swift; sourceTree = "<group>"; };
		74BCFFB93C809BD07448DDC0 /* CoachSharedHealthView.swift */ = {isa = PBXFileReference; includeInIndex = 1; lastKnownFileType = sourcecode.swift; path = CoachSharedHealthView.swift; sourceTree = "<group>"; };
		777A0AAC40A49C85CC829319 /* WatchCompanionBridge.swift */ = {isa = PBXFileReference; includeInIndex = 1; lastKnownFileType = sourcecode.swift; path = WatchCompanionBridge.swift; sourceTree = "<group>"; };
		7E08D4D4086E00D3854E2162 /* CoachClientDetailView.swift */ = {isa = PBXFileReference; includeInIndex = 1; lastKnownFileType = sourcecode.swift; path = CoachClientDetailView.swift; sourceTree = "<group>"; };
		810E8FDE97165388CBFEFC57 /* DailyWorkoutRecommendation.swift */ = {isa = PBXFileReference; includeInIndex = 1; lastKnownFileType = sourcecode.swift; path = DailyWorkoutRecommendation.swift; sourceTree = "<group>"; };
		852358373FBFF4E18AE55B50 /* ActiveWorkoutSession.swift */ = {isa = PBXFileReference; includeInIndex = 1; lastKnownFileType = sourcecode.swift; path = ActiveWorkoutSession.swift; sourceTree = "<group>"; };
		8A3B97BA2D2CF8E175DD7863 /* ClientAchievements.swift */ = {isa = PBXFileReference; includeInIndex = 1; lastKnownFileType = sourcecode.swift; path = ClientAchievements.swift; sourceTree = "<group>"; };
		8AE03EF43044B9042AB21B9D /* GeneratedWorkoutLaunchTests.swift */ = {isa = PBXFileReference; includeInIndex = 1; lastKnownFileType = sourcecode.swift; path = GeneratedWorkoutLaunchTests.swift; sourceTree = "<group>"; };
		8B636479D2FF5F2800B17211 /* WorkoutGenerator.swift */ = {isa = PBXFileReference; includeInIndex = 1; lastKnownFileType = sourcecode.swift; path = WorkoutGenerator.swift; sourceTree = "<group>"; };
		8D7FE5DFBBFF23BD9FA4C964 /* AppleCompanionCoordinator.swift */ = {isa = PBXFileReference; includeInIndex = 1; lastKnownFileType = sourcecode.swift; path = AppleCompanionCoordinator.swift; sourceTree = "<group>"; };
		953A151B61DF925F6A33028E /* Inter.ttf */ = {isa = PBXFileReference; includeInIndex = 1; name = Inter.ttf; path = Fonts/Inter.ttf; sourceTree = "<group>"; };
		96C2C2EC33D9ECE5C4BA26B3 /* CoachClientRecordsTests.swift */ = {isa = PBXFileReference; includeInIndex = 1; lastKnownFileType = sourcecode.swift; path = CoachClientRecordsTests.swift; sourceTree = "<group>"; };
		9A497241511AFA26CAED5EA1 /* CoachWorkspaceView.swift */ = {isa = PBXFileReference; includeInIndex = 1; lastKnownFileType = sourcecode.swift; path = CoachWorkspaceView.swift; sourceTree = "<group>"; };
		9A9C4ADE1EF0C2CDB81603A5 /* CoachSharedHealthTests.swift */ = {isa = PBXFileReference; includeInIndex = 1; lastKnownFileType = sourcecode.swift; path = CoachSharedHealthTests.swift; sourceTree = "<group>"; };
		9AEF3DC421CB8D02ADCC70D6 /* Inter-OFL.txt */ = {isa = PBXFileReference; includeInIndex = 1; name = "Inter-OFL.txt"; path = "Fonts/Inter-OFL.txt"; sourceTree = "<group>"; };
		9C18FC30FBF4F402B101625B /* DailyCheckInPromptTests.swift */ = {isa = PBXFileReference; includeInIndex = 1; lastKnownFileType = sourcecode.swift; path = DailyCheckInPromptTests.swift; sourceTree = "<group>"; };
		A20000000000000000000001 /* FWBCoachApp.swift */ = {isa = PBXFileReference; lastKnownFileType = sourcecode.swift; path = FWBCoachApp.swift; sourceTree = "<group>"; };
		A20000000000000000000002 /* CoachAppView.swift */ = {isa = PBXFileReference; lastKnownFileType = sourcecode.swift; path = CoachAppView.swift; sourceTree = "<group>"; };
		A20000000000000000000004 /* Assets.xcassets */ = {isa = PBXFileReference; lastKnownFileType = folder.assetcatalog; path = Assets.xcassets; sourceTree = "<group>"; };
		A20000000000000000000005 /* Info.plist */ = {isa = PBXFileReference; lastKnownFileType = text.plist.xml; path = Info.plist; sourceTree = "<group>"; };
		A20000000000000000000006 /* FWBCoach.app */ = {isa = PBXFileReference; explicitFileType = wrapper.application; includeInIndex = 0; path = FWBCoach.app; sourceTree = BUILT_PRODUCTS_DIR; };
		A20000000000000000000007 /* AppConfiguration.swift */ = {isa = PBXFileReference; lastKnownFileType = sourcecode.swift; path = AppConfiguration.swift; sourceTree = "<group>"; };
		A20000000000000000000008 /* AppModels.swift */ = {isa = PBXFileReference; lastKnownFileType = sourcecode.swift; path = AppModels.swift; sourceTree = "<group>"; };
		A20000000000000000000009 /* AppStores.swift */ = {isa = PBXFileReference; lastKnownFileType = sourcecode.swift; path = AppStores.swift; sourceTree = "<group>"; };
		A2000000000000000000000A /* BrandStyle.swift */ = {isa = PBXFileReference; lastKnownFileType = sourcecode.swift; path = BrandStyle.swift; sourceTree = "<group>"; };
		A2000000000000000000000B /* LoginView.swift */ = {isa = PBXFileReference; lastKnownFileType = sourcecode.swift; path = LoginView.swift; sourceTree = "<group>"; };
		A2000000000000000000000C /* ClientViews.swift */ = {isa = PBXFileReference; lastKnownFileType = sourcecode.swift; path = ClientViews.swift; sourceTree = "<group>"; };
		A2000000000000000000000E /* WorkoutLoggerViews.swift */ = {isa = PBXFileReference; lastKnownFileType = sourcecode.swift; path = WorkoutLoggerViews.swift; sourceTree = "<group>"; };
		A20000000000000000000010 /* PrivacyInfo.xcprivacy */ = {isa = PBXFileReference; lastKnownFileType = text.xml; path = PrivacyInfo.xcprivacy; sourceTree = "<group>"; };
		A799C7AA86AC815B90499348 /* GeneratedWorkoutLaunch.swift */ = {isa = PBXFileReference; includeInIndex = 1; lastKnownFileType = sourcecode.swift; path = GeneratedWorkoutLaunch.swift; sourceTree = "<group>"; };
		AB611745180D1B6A337E1951 /* WorkoutProgressionTests.swift */ = {isa = PBXFileReference; includeInIndex = 1; lastKnownFileType = sourcecode.swift; path = WorkoutProgressionTests.swift; sourceTree = "<group>"; };
		AB7E0F846BC9C42066A34282 /* SystemFeatureTests.swift */ = {isa = PBXFileReference; includeInIndex = 1; lastKnownFileType = sourcecode.swift; path = SystemFeatureTests.swift; sourceTree = "<group>"; };
		AD761B6AC291D219C2E3DFAD /* AppleFeaturesAudit.swift */ = {isa = PBXFileReference; includeInIndex = 1; lastKnownFileType = sourcecode.swift; path = AppleFeaturesAudit.swift; sourceTree = "<group>"; };
		ADAC5A926BF0C2BCB955B7D0 /* ClientAchievementsTests.swift */ = {isa = PBXFileReference; includeInIndex = 1; lastKnownFileType = sourcecode.swift; path = ClientAchievementsTests.swift; sourceTree = "<group>"; };
		B6F27174ADE48462030A87B1 /* WorkoutParityViews.swift */ = {isa = PBXFileReference; includeInIndex = 1; lastKnownFileType = sourcecode.swift; path = WorkoutParityViews.swift; sourceTree = "<group>"; };
		B79564043820F8884FA8ED1C /* ClientAchievementAudit.swift */ = {isa = PBXFileReference; includeInIndex = 1; lastKnownFileType = sourcecode.swift; path = ClientAchievementAudit.swift; sourceTree = "<group>"; };
		B90292E68BE8A4A98E719D72 /* CoachNotificationSettings.swift */ = {isa = PBXFileReference; includeInIndex = 1; lastKnownFileType = sourcecode.swift; path = CoachNotificationSettings.swift; sourceTree = "<group>"; };
		BD71EA2C3088810ACBD38922 /* MessagingViews.swift */ = {isa = PBXFileReference; includeInIndex = 1; lastKnownFileType = sourcecode.swift; path = MessagingViews.swift; sourceTree = "<group>"; };
		BEB5076431788D664E655587 /* MessagingStoreTests.swift */ = {isa = PBXFileReference; includeInIndex = 1; lastKnownFileType = sourcecode.swift; path = MessagingStoreTests.swift; sourceTree = "<group>"; };
		C10396AE19772FDEF46A8C44 /* RememberedProfileTests.swift */ = {isa = PBXFileReference; includeInIndex = 1; lastKnownFileType = sourcecode.swift; path = RememberedProfileTests.swift; sourceTree = "<group>"; };
		C20000000000000000000001 /* WorkoutHistoryViews.swift */ = {isa = PBXFileReference; lastKnownFileType = sourcecode.swift; path = WorkoutHistoryViews.swift; sourceTree = "<group>"; };
		C3A6F39E90AB3785CA2BF2A1 /* ProfilePhotoTests.swift */ = {isa = PBXFileReference; includeInIndex = 1; lastKnownFileType = sourcecode.swift; path = ProfilePhotoTests.swift; sourceTree = "<group>"; };
		C8513873A020FCD472AB152F /* WorkoutParityModels.swift */ = {isa = PBXFileReference; includeInIndex = 1; lastKnownFileType = sourcecode.swift; path = WorkoutParityModels.swift; sourceTree = "<group>"; };
		CA3A35B6CB8BBC921A5C1523 /* WorkoutParityTests.swift */ = {isa = PBXFileReference; includeInIndex = 1; lastKnownFileType = sourcecode.swift; path = WorkoutParityTests.swift; sourceTree = "<group>"; };
		CCADE25793F842448FEEA5BA /* FWBActivityModels.swift */ = {isa = PBXFileReference; includeInIndex = 1; lastKnownFileType = sourcecode.swift; path = FWBActivityModels.swift; sourceTree = "<group>"; };
		CD59027FDCDF947D8D04AB77 /* FWBWatchModels.swift */ = {isa = PBXFileReference; includeInIndex = 1; lastKnownFileType = sourcecode.swift; path = FWBWatchModels.swift; sourceTree = "<group>"; };
		D20000000000000000000001 /* NutritionViews.swift */ = {isa = PBXFileReference; lastKnownFileType = sourcecode.swift; path = NutritionViews.swift; sourceTree = "<group>"; };
		D20000000000000000000002 /* NutritionCalculator.swift */ = {isa = PBXFileReference; lastKnownFileType = sourcecode.swift; path = NutritionCalculator.swift; sourceTree = "<group>"; };
		DF010AAA38BDCC9ADCED0D8D /* AppleHealthImportReader.swift */ = {isa = PBXFileReference; includeInIndex = 1; lastKnownFileType = sourcecode.swift; path = AppleHealthImportReader.swift; sourceTree = "<group>"; };
		E010ABA2F96020653EC9006D /* MessagingAudit.swift */ = {isa = PBXFileReference; includeInIndex = 1; lastKnownFileType = sourcecode.swift; path = MessagingAudit.swift; sourceTree = "<group>"; };
		E0B272D11FE928C89CF6EFD2 /* DailyWorkoutRecommendationTests.swift */ = {isa = PBXFileReference; includeInIndex = 1; lastKnownFileType = sourcecode.swift; path = DailyWorkoutRecommendationTests.swift; sourceTree = "<group>"; };
		E16799FD9E408390477260B1 /* CoachNotificationSettingsTests.swift */ = {isa = PBXFileReference; includeInIndex = 1; lastKnownFileType = sourcecode.swift; path = CoachNotificationSettingsTests.swift; sourceTree = "<group>"; };
		E20000000000000000000001 /* RestTimer.swift */ = {isa = PBXFileReference; lastKnownFileType = sourcecode.swift; path = RestTimer.swift; sourceTree = "<group>"; };
		E20000000000000000000002 /* WorkoutSettingsView.swift */ = {isa = PBXFileReference; lastKnownFileType = sourcecode.swift; path = WorkoutSettingsView.swift; sourceTree = "<group>"; };
		E80FEA181C239F1409B68647 /* CardioWatchPlans.swift */ = {isa = PBXFileReference; includeInIndex = 1; lastKnownFileType = sourcecode.swift; path = CardioWatchPlans.swift; sourceTree = "<group>"; };
		EE74C3E81425670463230227 /* WorkoutDetectionNotificationTests.swift */ = {isa = PBXFileReference; includeInIndex = 1; lastKnownFileType = sourcecode.swift; path = WorkoutDetectionNotificationTests.swift; sourceTree = "<group>"; };
		EFD8F78B25E4F9425B3DC2C3 /* CoachWorkspaceStore.swift */ = {isa = PBXFileReference; includeInIndex = 1; lastKnownFileType = sourcecode.swift; path = CoachWorkspaceStore.swift; sourceTree = "<group>"; };
		F20000000000000000000001 /* ReadinessCheckIn.swift */ = {isa = PBXFileReference; lastKnownFileType = sourcecode.swift; path = ReadinessCheckIn.swift; sourceTree = "<group>"; };
		F20000000000000000000002 /* OfflineWorkoutSync.swift */ = {isa = PBXFileReference; lastKnownFileType = sourcecode.swift; path = OfflineWorkoutSync.swift; sourceTree = "<group>"; };
		F20000000000000000000003 /* ProgressViews.swift */ = {isa = PBXFileReference; lastKnownFileType = sourcecode.swift; path = ProgressViews.swift; sourceTree = "<group>"; };
		F20000000000000000000005 /* CardioLoggingView.swift */ = {isa = PBXFileReference; lastKnownFileType = sourcecode.swift; path = CardioLoggingView.swift; sourceTree = "<group>"; };
		F20000000000000000000006 /* ClientStatsViews.swift */ = {isa = PBXFileReference; lastKnownFileType = sourcecode.swift; path = ClientStatsViews.swift; sourceTree = "<group>"; };
		F20000000000000000000007 /* HealthKitWorkoutSync.swift */ = {isa = PBXFileReference; lastKnownFileType = sourcecode.swift; path = HealthKitWorkoutSync.swift; sourceTree = "<group>"; };
		F20000000000000000000008 /* FWBCoach.entitlements */ = {isa = PBXFileReference; lastKnownFileType = text.plist.entitlements; path = FWBCoach.entitlements; sourceTree = "<group>"; };
		F20000000000000000000009 /* AppearanceSettingsView.swift */ = {isa = PBXFileReference; lastKnownFileType = sourcecode.swift; path = AppearanceSettingsView.swift; sourceTree = "<group>"; };
		F2000000000000000000000A /* WorkoutCelebration.swift */ = {isa = PBXFileReference; lastKnownFileType = sourcecode.swift; path = WorkoutCelebration.swift; sourceTree = "<group>"; };
		F2000000000000000000000B /* ProgressSharing.swift */ = {isa = PBXFileReference; lastKnownFileType = sourcecode.swift; path = ProgressSharing.swift; sourceTree = "<group>"; };
		F2000000000000000000000C /* ContinuitySync.swift */ = {isa = PBXFileReference; lastKnownFileType = sourcecode.swift; path = ContinuitySync.swift; sourceTree = "<group>"; };
		F2000000000000000000000D /* WorkoutSequence.swift */ = {isa = PBXFileReference; lastKnownFileType = sourcecode.swift; path = WorkoutSequence.swift; sourceTree = "<group>"; };
		F2000000000000000000000E /* FormCheckSubmissions.swift */ = {isa = PBXFileReference; lastKnownFileType = sourcecode.swift; path = FormCheckSubmissions.swift; sourceTree = "<group>"; };
		F2000000000000000000000F /* WeeklyCoachCheckIn.swift */ = {isa = PBXFileReference; lastKnownFileType = sourcecode.swift; path = WeeklyCoachCheckIn.swift; sourceTree = "<group>"; };
		F20000000000000000000010 /* NotificationsFeature.swift */ = {isa = PBXFileReference; lastKnownFileType = sourcecode.swift; path = NotificationsFeature.swift; sourceTree = "<group>"; };
		F20000000000000000000011 /* NotificationAppDelegate.swift */ = {isa = PBXFileReference; lastKnownFileType = sourcecode.swift; path = NotificationAppDelegate.swift; sourceTree = "<group>"; };
		F5880F20340C9F3DFFE0CEF4 /* ProfilePhotoViews.swift */ = {isa = PBXFileReference; includeInIndex = 1; lastKnownFileType = sourcecode.swift; path = ProfilePhotoViews.swift; sourceTree = "<group>"; };
		F8DBC9AD1DB4C805D38EFF6E /* CoachProgressSaveTests.swift */ = {isa = PBXFileReference; includeInIndex = 1; lastKnownFileType = sourcecode.swift; path = CoachProgressSaveTests.swift; sourceTree = "<group>"; };
		F9562C2230DD8F45C0B75086 /* WorkoutSystemFeatures.swift */ = {isa = PBXFileReference; includeInIndex = 1; lastKnownFileType = sourcecode.swift; path = WorkoutSystemFeatures.swift; sourceTree = "<group>"; };
		FA2000000000000000000002 /* ClientWebDestinations.swift */ = {isa = PBXFileReference; lastKnownFileType = sourcecode.swift; path = ClientWebDestinations.swift; sourceTree = "<group>"; };
		FA2000000000000000000003 /* Inter.ttf */ = {isa = PBXFileReference; lastKnownFileType = file; path = Fonts/Inter.ttf; sourceTree = "<group>"; };
		FA2000000000000000000004 /* Inter-OFL.txt */ = {isa = PBXFileReference; lastKnownFileType = text; path = "Fonts/Inter-OFL.txt"; sourceTree = "<group>"; };
		FA2000000000000000000005 /* WorkoutLayoutTests.swift */ = {isa = PBXFileReference; lastKnownFileType = sourcecode.swift; path = WorkoutLayoutTests.swift; sourceTree = "<group>"; };
		FB2000000000000000000001 /* ErrorReporting.swift */ = {isa = PBXFileReference; lastKnownFileType = sourcecode.swift; path = ErrorReporting.swift; sourceTree = "<group>"; };
		FB2000000000000000000002 /* ErrorReportingTests.swift */ = {isa = PBXFileReference; lastKnownFileType = sourcecode.swift; path = ErrorReportingTests.swift; sourceTree = "<group>"; };
		G20000000000000000000001 /* WorkoutCalculators.swift */ = {isa = PBXFileReference; lastKnownFileType = sourcecode.swift; path = WorkoutCalculators.swift; sourceTree = "<group>"; };
		H20000000000000000000001 /* WorkoutComments.swift */ = {isa = PBXFileReference; lastKnownFileType = sourcecode.swift; path = WorkoutComments.swift; sourceTree = "<group>"; };
		H20000000000000000000002 /* WorkoutCommentStoreTests.swift */ = {isa = PBXFileReference; lastKnownFileType = sourcecode.swift; path = WorkoutCommentStoreTests.swift; sourceTree = "<group>"; };
		N20000000000000000000001 /* NutritionCalculatorTests.swift */ = {isa = PBXFileReference; lastKnownFileType = sourcecode.swift; path = NutritionCalculatorTests.swift; sourceTree = "<group>"; };
		S20000000000000000000001 /* ClientStatsTests.swift */ = {isa = PBXFileReference; lastKnownFileType = sourcecode.swift; path = ClientStatsTests.swift; sourceTree = "<group>"; };
		T20000000000000000000001 /* ContinuitySyncTests.swift */ = {isa = PBXFileReference; lastKnownFileType = sourcecode.swift; path = ContinuitySyncTests.swift; sourceTree = "<group>"; };
		T20000000000000000000002 /* FWBCoachTests.xctest */ = {isa = PBXFileReference; explicitFileType = wrapper.cfbundle; includeInIndex = 0; path = FWBCoachTests.xctest; sourceTree = BUILT_PRODUCTS_DIR; };
		T20000000000000000000003 /* WorkoutCalculatorsTests.swift */ = {isa = PBXFileReference; lastKnownFileType = sourcecode.swift; path = WorkoutCalculatorsTests.swift; sourceTree = "<group>"; };
/* End PBXFileReference section */

/* Begin PBXFrameworksBuildPhase section */
		A30000000000000000000001 /* Frameworks */ = {
			isa = PBXFrameworksBuildPhase;
			buildActionMask = 2147483647;
			files = (
				B10000000000000000000001 /* Supabase in Frameworks */,
				FB1000000000000000000003 /* Sentry in Frameworks */,
			);
			runOnlyForDeploymentPostprocessing = 0;
		};
		T40000000000000000000001 /* Frameworks */ = {
			isa = PBXFrameworksBuildPhase;
			buildActionMask = 2147483647;
			files = (
			);
			runOnlyForDeploymentPostprocessing = 0;
		};
/* End PBXFrameworksBuildPhase section */

/* Begin PBXGroup section */
		A40000000000000000000001 = {
			isa = PBXGroup;
			children = (
				A40000000000000000000002 /* FWBCoach */,
				T50000000000000000000001 /* FWBCoachTests */,
				A40000000000000000000003 /* Products */,
				C8F1F85D7A73E165183ECA5A /* Shared */,
			);
			sourceTree = "<group>";
		};
		A40000000000000000000002 /* FWBCoach */ = {
			isa = PBXGroup;
			children = (
				A20000000000000000000001 /* FWBCoachApp.swift */,
				FB2000000000000000000001 /* ErrorReporting.swift */,
				A20000000000000000000002 /* CoachAppView.swift */,
				A20000000000000000000007 /* AppConfiguration.swift */,
				A20000000000000000000008 /* AppModels.swift */,
				A20000000000000000000009 /* AppStores.swift */,
				A2000000000000000000000A /* BrandStyle.swift */,
				A2000000000000000000000B /* LoginView.swift */,
				A2000000000000000000000C /* ClientViews.swift */,
				FA2000000000000000000004 /* Inter-OFL.txt */,
				FA2000000000000000000003 /* Inter.ttf */,
				FA2000000000000000000002 /* ClientWebDestinations.swift */,
				A2000000000000000000000E /* WorkoutLoggerViews.swift */,
				F2000000000000000000000D /* WorkoutSequence.swift */,
				C20000000000000000000001 /* WorkoutHistoryViews.swift */,
				D20000000000000000000001 /* NutritionViews.swift */,
				D20000000000000000000002 /* NutritionCalculator.swift */,
				E20000000000000000000001 /* RestTimer.swift */,
				E20000000000000000000002 /* WorkoutSettingsView.swift */,
				F20000000000000000000001 /* ReadinessCheckIn.swift */,
				F20000000000000000000002 /* OfflineWorkoutSync.swift */,
				F20000000000000000000003 /* ProgressViews.swift */,
				F20000000000000000000005 /* CardioLoggingView.swift */,
				F20000000000000000000006 /* ClientStatsViews.swift */,
				F20000000000000000000007 /* HealthKitWorkoutSync.swift */,
				F20000000000000000000009 /* AppearanceSettingsView.swift */,
				F2000000000000000000000A /* WorkoutCelebration.swift */,
				F2000000000000000000000B /* ProgressSharing.swift */,
				F2000000000000000000000C /* ContinuitySync.swift */,
				G20000000000000000000001 /* WorkoutCalculators.swift */,
				H20000000000000000000001 /* WorkoutComments.swift */,
				F2000000000000000000000E /* FormCheckSubmissions.swift */,
				F2000000000000000000000F /* WeeklyCoachCheckIn.swift */,
				F20000000000000000000010 /* NotificationsFeature.swift */,
				F20000000000000000000011 /* NotificationAppDelegate.swift */,
				A20000000000000000000004 /* Assets.xcassets */,
				A20000000000000000000005 /* Info.plist */,
				A20000000000000000000010 /* PrivacyInfo.xcprivacy */,
				F20000000000000000000008 /* FWBCoach.entitlements */,
				852358373FBFF4E18AE55B50 /* ActiveWorkoutSession.swift */,
				8D7FE5DFBBFF23BD9FA4C964 /* AppleCompanionCoordinator.swift */,
				AD761B6AC291D219C2E3DFAD /* AppleFeaturesAudit.swift */,
				50EA0705F7DC1BFD528E5D70 /* AppleHealthImportModels.swift */,
				DF010AAA38BDCC9ADCED0D8D /* AppleHealthImportReader.swift */,
				29A653AB808F1E28DA89D8A9 /* AppleHealthImportRepository.swift */,
				617EB530FA53F34BB84472A7 /* AppleHealthImportStore.swift */,
				279AEA42970AF34B290782AF /* AppleHealthImportViews.swift */,
				E80FEA181C239F1409B68647 /* CardioWatchPlans.swift */,
				B79564043820F8884FA8ED1C /* ClientAchievementAudit.swift */,
				0D3DC9D86A1163ADF152F66C /* ClientAchievementViews.swift */,
				8A3B97BA2D2CF8E175DD7863 /* ClientAchievements.swift */,
				12CA1C55648B2B103ED65647 /* ClientDexaModels.swift */,
				31F49827A2DE640BD3DF9EAE /* ClientDexaStore.swift */,
				4A734E46FB2045D4921B70AE /* ClientDexaViews.swift */,
				7E08D4D4086E00D3854E2162 /* CoachClientDetailView.swift */,
				134200ECD684FE0260460ABE /* CoachClientRecords.swift */,
				069F04CA235D79DEA5F9DE0A /* CoachNotificationInboxView.swift */,
				B90292E68BE8A4A98E719D72 /* CoachNotificationSettings.swift */,
				5C1BF895E2F33C8E282B407F /* CoachProgramEditor.swift */,
				74BCFFB93C809BD07448DDC0 /* CoachSharedHealthView.swift */,
				EFD8F78B25E4F9425B3DC2C3 /* CoachWorkspaceStore.swift */,
				9A497241511AFA26CAED5EA1 /* CoachWorkspaceView.swift */,
				628CB71BC2F55BB02714C536 /* DailyCheckInFlow.swift */,
				810E8FDE97165388CBFEFC57 /* DailyWorkoutRecommendation.swift */,
				A799C7AA86AC815B90499348 /* GeneratedWorkoutLaunch.swift */,
				68DAAD655C0A0CF5C05C6ED3 /* GymCheckIn.swift */,
				E010ABA2F96020653EC9006D /* MessagingAudit.swift */,
				7365EE2747CB79F812D5D35C /* MessagingStore.swift */,
				BD71EA2C3088810ACBD38922 /* MessagingViews.swift */,
				561D8B1B403E99A8B93A6D71 /* ProfilePhotoProcessor.swift */,
				435A5BCA30F8F24594009A58 /* ProfilePhotoStore.swift */,
				F5880F20340C9F3DFFE0CEF4 /* ProfilePhotoViews.swift */,
				2A7C7B74D47B82A31134DA7B /* RememberedProfileStore.swift */,
				058DD9525FBFB77653CEFF4A /* ResumeWorkoutCard.swift */,
				777A0AAC40A49C85CC829319 /* WatchCompanionBridge.swift */,
				5A6FA5F39F86CE5D93B4142C /* WorkoutDetectionNotifications.swift */,
				8B636479D2FF5F2800B17211 /* WorkoutGenerator.swift */,
				5575D99894ED70D465D1171A /* WorkoutGeneratorAudit.swift */,
				1FA352B4EA6C33C0FBDD3DAC /* WorkoutGeneratorView.swift */,
				0D92EC26798EF3A46DF64E21 /* WorkoutParityAudit.swift */,
				C8513873A020FCD472AB152F /* WorkoutParityModels.swift */,
				B6F27174ADE48462030A87B1 /* WorkoutParityViews.swift */,
				0EC722D632C8A737A1DC051B /* WorkoutProgression.swift */,
				028E0D855A9EBD518593961A /* WorkoutProgressionAudit.swift */,
				54E9A83FB0197CEF5E507D79 /* WorkoutProgressionIntegration.swift */,
				055B08BEFAACB5CE1710B83C /* WorkoutProgressionSettings.swift */,
				F9562C2230DD8F45C0B75086 /* WorkoutSystemFeatures.swift */,
				953A151B61DF925F6A33028E /* Inter.ttf */,
				9AEF3DC421CB8D02ADCC70D6 /* Inter-OFL.txt */,
				1E016BD2EFBABFA8576FE2CC /* CoachNavigationContext.swift */,
			);
			path = FWBCoach;
			sourceTree = "<group>";
		};
		A40000000000000000000003 /* Products */ = {
			isa = PBXGroup;
			children = (
				A20000000000000000000006 /* FWBCoach.app */,
				T20000000000000000000002 /* FWBCoachTests.xctest */,
			);
			name = Products;
			sourceTree = "<group>";
		};
		C8F1F85D7A73E165183ECA5A /* Shared */ = {
			isa = PBXGroup;
			children = (
				CCADE25793F842448FEEA5BA /* FWBActivityModels.swift */,
				CD59027FDCDF947D8D04AB77 /* FWBWatchModels.swift */,
			);
			name = Shared;
			path = Shared;
			sourceTree = "<group>";
		};
		T50000000000000000000001 /* FWBCoachTests */ = {
			isa = PBXGroup;
			children = (
				T20000000000000000000001 /* ContinuitySyncTests.swift */,
				FB2000000000000000000002 /* ErrorReportingTests.swift */,
				FA2000000000000000000005 /* WorkoutLayoutTests.swift */,
				T20000000000000000000003 /* WorkoutCalculatorsTests.swift */,
				H20000000000000000000002 /* WorkoutCommentStoreTests.swift */,
				N20000000000000000000001 /* NutritionCalculatorTests.swift */,
				S20000000000000000000001 /* ClientStatsTests.swift */,
				5A4E222C52F27226E681E97B /* ActiveWorkoutSessionTests.swift */,
				0B971E8C5154CE645F065B7D /* AppleHealthImportTests.swift */,
				ADAC5A926BF0C2BCB955B7D0 /* ClientAchievementsTests.swift */,
				6BC6780CAE7F7F385F0FAA3E /* ClientDexaTests.swift */,
				4D80D7B035E075D09CCD1672 /* CoachAuthTests.swift */,
				96C2C2EC33D9ECE5C4BA26B3 /* CoachClientRecordsTests.swift */,
				2D6EE79AEF7AB9FAE94C0DF9 /* CoachNotificationRoutingTests.swift */,
				E16799FD9E408390477260B1 /* CoachNotificationSettingsTests.swift */,
				5D36B00E2BDA7F0273C1798E /* CoachProgramEditorTests.swift */,
				F8DBC9AD1DB4C805D38EFF6E /* CoachProgressSaveTests.swift */,
				9A9C4ADE1EF0C2CDB81603A5 /* CoachSharedHealthTests.swift */,
				43BADCE42CB1651378F6C672 /* CoachWorkspaceStoreTests.swift */,
				9C18FC30FBF4F402B101625B /* DailyCheckInPromptTests.swift */,
				1585E44A960870EB16EE6FB8 /* DailyMoodCheckInTests.swift */,
				E0B272D11FE928C89CF6EFD2 /* DailyWorkoutRecommendationTests.swift */,
				26F52B77A14E60917CC76CFF /* FeedbackParityTests.swift */,
				8AE03EF43044B9042AB21B9D /* GeneratedWorkoutLaunchTests.swift */,
				5EDE78BC8D002D050FF0FE08 /* GymCheckInTests.swift */,
				BEB5076431788D664E655587 /* MessagingStoreTests.swift */,
				26291491A6EA5B5C35052E49 /* ProfilePhotoProcessorTests.swift */,
				C3A6F39E90AB3785CA2BF2A1 /* ProfilePhotoTests.swift */,
				C10396AE19772FDEF46A8C44 /* RememberedProfileTests.swift */,
				1DB61679F813C56F82E72BBE /* RestTimerNotificationTests.swift */,
				625AEAB8353B6CF129D222E2 /* SessionStoreTests.swift */,
				AB7E0F846BC9C42066A34282 /* SystemFeatureTests.swift */,
				3486809C68541C07BA2FCCCD /* WatchCompanionTests.swift */,
				EE74C3E81425670463230227 /* WorkoutDetectionNotificationTests.swift */,
				2ABE0009F33631DB0FE11A78 /* WorkoutGeneratorTests.swift */,
				026BCEF7EF6A16DEF0A51114 /* WorkoutHistoryDeletionTests.swift */,
				CA3A35B6CB8BBC921A5C1523 /* WorkoutParityTests.swift */,
				3D9E1731E7CFB15A5286E5A3 /* WorkoutProgressionIntegrationTests.swift */,
				AB611745180D1B6A337E1951 /* WorkoutProgressionTests.swift */,
				19E469FC818075B74937F264 /* WorkoutSessionRestoreTests.swift */,
				195B91009E5EFB8A03A68DDF /* workout-progression.json */,
			);
			path = FWBCoachTests;
			sourceTree = "<group>";
		};
/* End PBXGroup section */

/* Begin PBXNativeTarget section */
		A50000000000000000000001 /* FWBCoach */ = {
			isa = PBXNativeTarget;
			buildConfigurationList = A90000000000000000000002 /* Build configuration list for PBXNativeTarget "FWBCoach" */;
			buildPhases = (
				A30000000000000000000002 /* Sources */,
				A30000000000000000000001 /* Frameworks */,
				A30000000000000000000003 /* Resources */,
			);
			buildRules = (
			);
			dependencies = (
			);
			name = FWBCoach;
			packageProductDependencies = (
				B80000000000000000000001 /* Supabase */,
				FB8000000000000000000001 /* Sentry */,
			);
			productName = FWBCoach;
			productReference = A20000000000000000000006 /* FWBCoach.app */;
			productType = "com.apple.product-type.application";
		};
		T60000000000000000000001 /* FWBCoachTests */ = {
			isa = PBXNativeTarget;
			buildConfigurationList = T90000000000000000000001 /* Build configuration list for PBXNativeTarget "FWBCoachTests" */;
			buildPhases = (
				T80000000000000000000001 /* Sources */,
				T40000000000000000000001 /* Frameworks */,
				FB43EBA96F25974B68B3B742 /* Resources */,
			);
			buildRules = (
			);
			dependencies = (
				T70000000000000000000001 /* PBXTargetDependency */,
			);
			name = FWBCoachTests;
			productName = FWBCoachTests;
			productReference = T20000000000000000000002 /* FWBCoachTests.xctest */;
			productType = "com.apple.product-type.bundle.unit-test";
		};
/* End PBXNativeTarget section */

/* Begin PBXProject section */
		A60000000000000000000001 /* Project object */ = {
			isa = PBXProject;
			attributes = {
				BuildIndependentTargetsInParallel = 1;
				LastSwiftUpdateCheck = 2660;
				LastUpgradeCheck = 2660;
				TargetAttributes = {
					A50000000000000000000001 = {
						CreatedOnToolsVersion = 26.6;
						SystemCapabilities = {
							com.apple.HealthKit = {
								enabled = 1;
							};
						};
					};
					T60000000000000000000001 = {
						CreatedOnToolsVersion = 26.6;
						TestTargetID = A50000000000000000000001;
					};
				};
			};
			buildConfigurationList = A90000000000000000000001 /* Build configuration list for PBXProject "FWBCoach" */;
			compatibilityVersion = "Xcode 15.0";
			developmentRegion = en;
			hasScannedForEncodings = 0;
			knownRegions = (
				en,
				Base,
			);
			mainGroup = A40000000000000000000001;
			packageReferences = (
				B70000000000000000000001 /* XCRemoteSwiftPackageReference "supabase-swift" */,
				FB7000000000000000000001 /* XCRemoteSwiftPackageReference "sentry-cocoa" */,
			);
			productRefGroup = A40000000000000000000003 /* Products */;
			projectDirPath = "";
			projectRoot = "";
			targets = (
				A50000000000000000000001 /* FWBCoach */,
				T60000000000000000000001 /* FWBCoachTests */,
			);
		};
/* End PBXProject section */

/* Begin PBXResourcesBuildPhase section */
		A30000000000000000000003 /* Resources */ = {
			isa = PBXResourcesBuildPhase;
			buildActionMask = 2147483647;
			files = (
				A10000000000000000000004 /* Assets.xcassets in Resources */,
				FA1000000000000000000004 /* Inter-OFL.txt in Resources */,
				FA1000000000000000000003 /* Inter.ttf in Resources */,
				A10000000000000000000010 /* PrivacyInfo.xcprivacy in Resources */,
			);
			runOnlyForDeploymentPostprocessing = 0;
		};
		FB43EBA96F25974B68B3B742 /* Resources */ = {
			isa = PBXResourcesBuildPhase;
			buildActionMask = 2147483647;
			files = (
				6DA5D643DD27AFBBECA48A60 /* workout-progression.json in Resources */,
			);
			runOnlyForDeploymentPostprocessing = 0;
		};
/* End PBXResourcesBuildPhase section */

/* Begin PBXSourcesBuildPhase section */
		A30000000000000000000002 /* Sources */ = {
			isa = PBXSourcesBuildPhase;
			buildActionMask = 2147483647;
			files = (
				A10000000000000000000001 /* FWBCoachApp.swift in Sources */,
				FB1000000000000000000001 /* ErrorReporting.swift in Sources */,
				A10000000000000000000002 /* CoachAppView.swift in Sources */,
				A10000000000000000000005 /* AppConfiguration.swift in Sources */,
				A10000000000000000000006 /* AppModels.swift in Sources */,
				A10000000000000000000007 /* AppStores.swift in Sources */,
				A10000000000000000000008 /* BrandStyle.swift in Sources */,
				A10000000000000000000009 /* LoginView.swift in Sources */,
				A1000000000000000000000A /* ClientViews.swift in Sources */,
				FA1000000000000000000002 /* ClientWebDestinations.swift in Sources */,
				A1000000000000000000000C /* WorkoutLoggerViews.swift in Sources */,
				F1000000000000000000000D /* WorkoutSequence.swift in Sources */,
				C10000000000000000000001 /* WorkoutHistoryViews.swift in Sources */,
				D10000000000000000000001 /* NutritionViews.swift in Sources */,
				D10000000000000000000002 /* NutritionCalculator.swift in Sources */,
				E10000000000000000000001 /* RestTimer.swift in Sources */,
				E10000000000000000000002 /* WorkoutSettingsView.swift in Sources */,
				F10000000000000000000001 /* ReadinessCheckIn.swift in Sources */,
				F10000000000000000000002 /* OfflineWorkoutSync.swift in Sources */,
				F10000000000000000000003 /* ProgressViews.swift in Sources */,
				F10000000000000000000005 /* CardioLoggingView.swift in Sources */,
				F10000000000000000000006 /* ClientStatsViews.swift in Sources */,
				F10000000000000000000007 /* HealthKitWorkoutSync.swift in Sources */,
				F10000000000000000000009 /* AppearanceSettingsView.swift in Sources */,
				F1000000000000000000000A /* WorkoutCelebration.swift in Sources */,
				F1000000000000000000000B /* ProgressSharing.swift in Sources */,
				F1000000000000000000000C /* ContinuitySync.swift in Sources */,
				G10000000000000000000001 /* WorkoutCalculators.swift in Sources */,
				H10000000000000000000001 /* WorkoutComments.swift in Sources */,
				F1000000000000000000000E /* FormCheckSubmissions.swift in Sources */,
				F1000000000000000000000F /* WeeklyCoachCheckIn.swift in Sources */,
				F10000000000000000000010 /* NotificationsFeature.swift in Sources */,
				F10000000000000000000011 /* NotificationAppDelegate.swift in Sources */,
				33097F032AB8054EF553EC97 /* ActiveWorkoutSession.swift in Sources */,
				5E02135F79162B9E8E6C2B49 /* AppleCompanionCoordinator.swift in Sources */,
				A0C02299F5A258824AE9B074 /* AppleFeaturesAudit.swift in Sources */,
				0EC5C1945141893009B71B48 /* AppleHealthImportModels.swift in Sources */,
				05855CE7EEF080E93D125A38 /* AppleHealthImportReader.swift in Sources */,
				9D550E3C26EB405D1CE9E287 /* AppleHealthImportRepository.swift in Sources */,
				C500AD928E865AE0B37C142F /* AppleHealthImportStore.swift in Sources */,
				C1A316AF1A752DF4CC651AA4 /* AppleHealthImportViews.swift in Sources */,
				F9A13D6084D4601B6B3EF8D2 /* CardioWatchPlans.swift in Sources */,
				4EA178B49F425520CE5E73C4 /* ClientAchievementAudit.swift in Sources */,
				00DA5E862CB189211D15F970 /* ClientAchievementViews.swift in Sources */,
				DE10696AC47DE853BBD9986A /* ClientAchievements.swift in Sources */,
				21629A0BF45019058362D020 /* ClientDexaModels.swift in Sources */,
				F3C01205F435BDA4011FD6A1 /* ClientDexaStore.swift in Sources */,
				CD8939AE68AAB4CF1CE0F560 /* ClientDexaViews.swift in Sources */,
				E1EAF2094333F83839001BFA /* CoachClientDetailView.swift in Sources */,
				4A5A97E321F4A9D5FE469A88 /* CoachClientRecords.swift in Sources */,
				15C06EF75B22D6662B9FD5D3 /* CoachNotificationInboxView.swift in Sources */,
				A862B0997652A0ED2B059D6C /* CoachNotificationSettings.swift in Sources */,
				C522AD1EA1F063F89E088D97 /* CoachProgramEditor.swift in Sources */,
				379BF6F2184930F477E85B40 /* CoachSharedHealthView.swift in Sources */,
				F0109BF3275FFCAF5191E95F /* CoachWorkspaceStore.swift in Sources */,
				FBC0D4AFC764E09C8C46F560 /* CoachWorkspaceView.swift in Sources */,
				C475BFF58A8C5AFD8511ABF0 /* DailyCheckInFlow.swift in Sources */,
				1C3639254B3C0B94F54C6281 /* DailyWorkoutRecommendation.swift in Sources */,
				E4BBE50E3793426BB8C2A1BD /* GeneratedWorkoutLaunch.swift in Sources */,
				745DC4ED81525C82855C49B0 /* GymCheckIn.swift in Sources */,
				B78A11347F3FF781287ED724 /* MessagingAudit.swift in Sources */,
				353E7AF38BCCF116BF2924DD /* MessagingStore.swift in Sources */,
				EA788C08568DBF4C6ABD9C68 /* MessagingViews.swift in Sources */,
				56D4E42E5AF63F88A0322710 /* ProfilePhotoProcessor.swift in Sources */,
				2694D2801BD2598D943A371C /* ProfilePhotoStore.swift in Sources */,
				F3F23C076224EAF0AC14CE4B /* ProfilePhotoViews.swift in Sources */,
				851A526E4DEBF8E238F1DF90 /* RememberedProfileStore.swift in Sources */,
				A9408551BFC1FB6F95FD2E24 /* ResumeWorkoutCard.swift in Sources */,
				25FFD8A53CE09DD3873B51F6 /* WatchCompanionBridge.swift in Sources */,
				A0A1FDDC277C3A1F60E94887 /* WorkoutDetectionNotifications.swift in Sources */,
				0D4121BEFD32D0934420155A /* WorkoutGenerator.swift in Sources */,
				656B8018FBA492A4D71FD6B3 /* WorkoutGeneratorAudit.swift in Sources */,
				679EA95D537386C818130509 /* WorkoutGeneratorView.swift in Sources */,
				B73C9A99E64D9CC0B1D45227 /* WorkoutParityAudit.swift in Sources */,
				F2984B88492DF0040FA52B8A /* WorkoutParityModels.swift in Sources */,
				E441B02F3D88FE68FD999FC1 /* WorkoutParityViews.swift in Sources */,
				434CD979F40DD242C665D301 /* WorkoutProgression.swift in Sources */,
				2CF155337EC5A3DCF85427CC /* WorkoutProgressionAudit.swift in Sources */,
				EFA60BC5F72F69FBE9AC9237 /* WorkoutProgressionIntegration.swift in Sources */,
				D0958E9DFA1EA03254399ADC /* WorkoutProgressionSettings.swift in Sources */,
				503E5EE55F5C55D5E320CADB /* WorkoutSystemFeatures.swift in Sources */,
				ABA7A48C43EAFEA752EF17BD /* FWBActivityModels.swift in Sources */,
				283A9071674CBD8F4476692D /* FWBWatchModels.swift in Sources */,
				7E18E5A0865FF8AE25BDCF60 /* CoachNavigationContext.swift in Sources */,
			);
			runOnlyForDeploymentPostprocessing = 0;
		};
		T80000000000000000000001 /* Sources */ = {
			isa = PBXSourcesBuildPhase;
			buildActionMask = 2147483647;
			files = (
				T10000000000000000000001 /* ContinuitySyncTests.swift in Sources */,
				FB1000000000000000000002 /* ErrorReportingTests.swift in Sources */,
				FA1000000000000000000005 /* WorkoutLayoutTests.swift in Sources */,
				T10000000000000000000002 /* WorkoutCalculatorsTests.swift in Sources */,
				H10000000000000000000002 /* WorkoutCommentStoreTests.swift in Sources */,
				N10000000000000000000001 /* NutritionCalculatorTests.swift in Sources */,
				S10000000000000000000001 /* ClientStatsTests.swift in Sources */,
				863CBE8AC7BEB2ABE50F455E /* ActiveWorkoutSessionTests.swift in Sources */,
				1858205848BA0F307CABF6D4 /* AppleHealthImportTests.swift in Sources */,
				B44E70BC9B92D918B16EB81F /* ClientAchievementsTests.swift in Sources */,
				DDDA19137EEFDB98468DCFDC /* ClientDexaTests.swift in Sources */,
				547BEB1C6B34A0DC047A6F2D /* CoachAuthTests.swift in Sources */,
				137AA31CE8BD4AFC954D55F8 /* CoachClientRecordsTests.swift in Sources */,
				C6F38C7360DAA7E1035E4A24 /* CoachNotificationRoutingTests.swift in Sources */,
				4F2DDED1EE70C004D9536FFB /* CoachNotificationSettingsTests.swift in Sources */,
				A5C96776612243D51C7FE400 /* CoachProgramEditorTests.swift in Sources */,
				9AE4394CF19C5E5E0C9266A9 /* CoachProgressSaveTests.swift in Sources */,
				30AACB3159528679EAECF3C3 /* CoachSharedHealthTests.swift in Sources */,
				97C48A12FDDE369AD48F0FA4 /* CoachWorkspaceStoreTests.swift in Sources */,
				4782A5BF1DBEBC986126EE49 /* DailyCheckInPromptTests.swift in Sources */,
				B7B5E1CDB3809AB2AD8E8F05 /* DailyMoodCheckInTests.swift in Sources */,
				EFDD1E2BF1B83AB4793EC0D7 /* DailyWorkoutRecommendationTests.swift in Sources */,
				A728A8BA7E8976A08970BF01 /* FeedbackParityTests.swift in Sources */,
				D9A13FF649FDAE2EE8CCED5D /* GeneratedWorkoutLaunchTests.swift in Sources */,
				9FBBF28010A2EA6E23D0E028 /* GymCheckInTests.swift in Sources */,
				102BB7F07F0613E3BCC03B08 /* MessagingStoreTests.swift in Sources */,
				4B708C78938E3D0A89FB4D2D /* ProfilePhotoProcessorTests.swift in Sources */,
				E1B130F89DA43C30827ABFA7 /* ProfilePhotoTests.swift in Sources */,
				7973717A35AC280E6DFB561D /* RememberedProfileTests.swift in Sources */,
				B205449ADD81A3E9BAC0C47D /* RestTimerNotificationTests.swift in Sources */,
				8BFD5E3666FC8A68EA1F4D83 /* SessionStoreTests.swift in Sources */,
				6305930E2BB4A379DCD0AE5A /* SystemFeatureTests.swift in Sources */,
				6BB96A8484E50C367AF20D74 /* WatchCompanionTests.swift in Sources */,
				6225431E8F028BDCAD216D52 /* WorkoutDetectionNotificationTests.swift in Sources */,
				95137257EA8AF24BA92A1C59 /* WorkoutGeneratorTests.swift in Sources */,
				48839183992BB29772A29D9D /* WorkoutHistoryDeletionTests.swift in Sources */,
				560BA1B09D0D06A2C1E5E652 /* WorkoutParityTests.swift in Sources */,
				D0486386390BB38D6E346369 /* WorkoutProgressionIntegrationTests.swift in Sources */,
				9C8B38A3FE908AF534A53075 /* WorkoutProgressionTests.swift in Sources */,
				D2E4F2EF0923D4CBBD91E054 /* WorkoutSessionRestoreTests.swift in Sources */,
			);
			runOnlyForDeploymentPostprocessing = 0;
		};
/* End PBXSourcesBuildPhase section */

/* Begin PBXTargetDependency section */
		T70000000000000000000001 /* PBXTargetDependency */ = {
			isa = PBXTargetDependency;
			target = A50000000000000000000001 /* FWBCoach */;
			targetProxy = T30000000000000000000001 /* PBXContainerItemProxy */;
		};
/* End PBXTargetDependency section */

/* Begin XCBuildConfiguration section */
		A80000000000000000000001 /* Debug */ = {
			isa = XCBuildConfiguration;
			buildSettings = {
				ALWAYS_SEARCH_USER_PATHS = NO;
				CLANG_ENABLE_MODULES = YES;
				CLANG_ENABLE_OBJC_ARC = YES;
				COPY_PHASE_STRIP = NO;
				DEBUG_INFORMATION_FORMAT = dwarf;
				ENABLE_TESTABILITY = YES;
				GCC_C_LANGUAGE_STANDARD = gnu17;
				GCC_OPTIMIZATION_LEVEL = 0;
				GCC_PREPROCESSOR_DEFINITIONS = (
					"DEBUG=1",
					"$(inherited)",
				);
				IPHONEOS_DEPLOYMENT_TARGET = 17.0;
				MTL_ENABLE_DEBUG_INFO = INCLUDE_SOURCE;
				ONLY_ACTIVE_ARCH = YES;
				SDKROOT = iphoneos;
				SWIFT_ACTIVE_COMPILATION_CONDITIONS = DEBUG;
				SWIFT_OPTIMIZATION_LEVEL = "-Onone";
			};
			name = Debug;
		};
		A80000000000000000000002 /* Release */ = {
			isa = XCBuildConfiguration;
			buildSettings = {
				ALWAYS_SEARCH_USER_PATHS = NO;
				CLANG_ENABLE_MODULES = YES;
				CLANG_ENABLE_OBJC_ARC = YES;
				COPY_PHASE_STRIP = NO;
				DEBUG_INFORMATION_FORMAT = "dwarf-with-dsym";
				ENABLE_NS_ASSERTIONS = NO;
				GCC_C_LANGUAGE_STANDARD = gnu17;
				IPHONEOS_DEPLOYMENT_TARGET = 17.0;
				MTL_ENABLE_DEBUG_INFO = NO;
				SDKROOT = iphoneos;
				SWIFT_COMPILATION_MODE = wholemodule;
				VALIDATE_PRODUCT = YES;
			};
			name = Release;
		};
		A80000000000000000000003 /* Debug */ = {
			isa = XCBuildConfiguration;
			buildSettings = {
				ASSETCATALOG_COMPILER_APPICON_NAME = AppIcon;
				ASSETCATALOG_COMPILER_GLOBAL_ACCENT_COLOR_NAME = AccentColor;
				CODE_SIGN_ENTITLEMENTS = FWBCoach/FWBCoach.entitlements;
				CODE_SIGN_STYLE = Automatic;
				CURRENT_PROJECT_VERSION = 8;
				DEVELOPMENT_TEAM = 5Q4FU299QH;
				ENABLE_PREVIEWS = YES;
				GENERATE_INFOPLIST_FILE = NO;
				INFOPLIST_FILE = FWBCoach/Info.plist;
				APS_ENVIRONMENT = development;
				IPHONEOS_DEPLOYMENT_TARGET = 17.0;
				LD_RUNPATH_SEARCH_PATHS = (
					"$(inherited)",
					"@executable_path/Frameworks",
				);
				MARKETING_VERSION = 100.35.1;
				PRODUCT_BUNDLE_IDENTIFIER = com.benjaminbenz.fwbcoach;
				PRODUCT_NAME = "$(TARGET_NAME)";
				SENTRY_DSN = "";
				SENTRY_ENVIRONMENT = production;
				SUPPORTED_PLATFORMS = "iphoneos iphonesimulator";
				SUPPORTS_MACCATALYST = NO;
				SWIFT_EMIT_LOC_STRINGS = YES;
				SWIFT_VERSION = 5.0;
				TARGETED_DEVICE_FAMILY = 1;
			};
			name = Debug;
		};
		A80000000000000000000004 /* Release */ = {
			isa = XCBuildConfiguration;
			buildSettings = {
				ASSETCATALOG_COMPILER_APPICON_NAME = AppIcon;
				ASSETCATALOG_COMPILER_GLOBAL_ACCENT_COLOR_NAME = AccentColor;
				CODE_SIGN_ENTITLEMENTS = FWBCoach/FWBCoach.entitlements;
				"CODE_SIGN_IDENTITY[sdk=iphoneos*]" = "Apple Distribution";
				CODE_SIGN_STYLE = Manual;
				CURRENT_PROJECT_VERSION = 8;
				DEVELOPMENT_TEAM = 5Q4FU299QH;
				ENABLE_PREVIEWS = YES;
				GENERATE_INFOPLIST_FILE = NO;
				INFOPLIST_FILE = FWBCoach/Info.plist;
				APS_ENVIRONMENT = production;
				IPHONEOS_DEPLOYMENT_TARGET = 17.0;
				LD_RUNPATH_SEARCH_PATHS = (
					"$(inherited)",
					"@executable_path/Frameworks",
				);
				MARKETING_VERSION = 100.35.1;
				PRODUCT_BUNDLE_IDENTIFIER = com.benjaminbenz.fwbcoach;
				PRODUCT_NAME = "$(TARGET_NAME)";
				SENTRY_DSN = "";
				SENTRY_ENVIRONMENT = production;
				SUPPORTED_PLATFORMS = "iphoneos iphonesimulator";
				SUPPORTS_MACCATALYST = NO;
				SWIFT_EMIT_LOC_STRINGS = YES;
				SWIFT_VERSION = 5.0;
				TARGETED_DEVICE_FAMILY = 1;
			};
			name = Release;
		};
		T81000000000000000000001 /* Debug */ = {
			isa = XCBuildConfiguration;
			buildSettings = {
				BUNDLE_LOADER = "$(TEST_HOST)";
				CODE_SIGN_STYLE = Automatic;
				DEVELOPMENT_TEAM = 5Q4FU299QH;
				GENERATE_INFOPLIST_FILE = YES;
				IPHONEOS_DEPLOYMENT_TARGET = 17.0;
				PRODUCT_BUNDLE_IDENTIFIER = com.benjaminbenz.fwbcoach.tests;
				PRODUCT_NAME = "$(TARGET_NAME)";
				SUPPORTED_PLATFORMS = "iphoneos iphonesimulator";
				SWIFT_VERSION = 5.0;
				TARGETED_DEVICE_FAMILY = 1;
				TEST_HOST = "$(BUILT_PRODUCTS_DIR)/FWBCoach.app/$(BUNDLE_EXECUTABLE_FOLDER_PATH)/FWBCoach";
			};
			name = Debug;
		};
		T81000000000000000000002 /* Release */ = {
			isa = XCBuildConfiguration;
			buildSettings = {
				BUNDLE_LOADER = "$(TEST_HOST)";
				CODE_SIGN_STYLE = Automatic;
				DEVELOPMENT_TEAM = 5Q4FU299QH;
				GENERATE_INFOPLIST_FILE = YES;
				IPHONEOS_DEPLOYMENT_TARGET = 17.0;
				PRODUCT_BUNDLE_IDENTIFIER = com.benjaminbenz.fwbcoach.tests;
				PRODUCT_NAME = "$(TARGET_NAME)";
				SUPPORTED_PLATFORMS = "iphoneos iphonesimulator";
				SWIFT_VERSION = 5.0;
				TARGETED_DEVICE_FAMILY = 1;
				TEST_HOST = "$(BUILT_PRODUCTS_DIR)/FWBCoach.app/$(BUNDLE_EXECUTABLE_FOLDER_PATH)/FWBCoach";
			};
			name = Release;
		};
/* End XCBuildConfiguration section */

/* Begin XCConfigurationList section */
		A90000000000000000000001 /* Build configuration list for PBXProject "FWBCoach" */ = {
			isa = XCConfigurationList;
			buildConfigurations = (
				A80000000000000000000001 /* Debug */,
				A80000000000000000000002 /* Release */,
			);
			defaultConfigurationIsVisible = 0;
			defaultConfigurationName = Release;
		};
		A90000000000000000000002 /* Build configuration list for PBXNativeTarget "FWBCoach" */ = {
			isa = XCConfigurationList;
			buildConfigurations = (
				A80000000000000000000003 /* Debug */,
				A80000000000000000000004 /* Release */,
			);
			defaultConfigurationIsVisible = 0;
			defaultConfigurationName = Release;
		};
		T90000000000000000000001 /* Build configuration list for PBXNativeTarget "FWBCoachTests" */ = {
			isa = XCConfigurationList;
			buildConfigurations = (
				T81000000000000000000001 /* Debug */,
				T81000000000000000000002 /* Release */,
			);
			defaultConfigurationIsVisible = 0;
			defaultConfigurationName = Release;
		};
/* End XCConfigurationList section */

/* Begin XCRemoteSwiftPackageReference section */
		B70000000000000000000001 /* XCRemoteSwiftPackageReference "supabase-swift" */ = {
			isa = XCRemoteSwiftPackageReference;
			repositoryURL = "https://github.com/supabase/supabase-swift.git";
			requirement = {
				kind = exactVersion;
				version = 2.55.1;
			};
		};
		FB7000000000000000000001 /* XCRemoteSwiftPackageReference "sentry-cocoa" */ = {
			isa = XCRemoteSwiftPackageReference;
			repositoryURL = "https://github.com/getsentry/sentry-cocoa.git";
			requirement = {
				kind = exactVersion;
				version = 9.29.0;
			};
		};
/* End XCRemoteSwiftPackageReference section */

/* Begin XCSwiftPackageProductDependency section */
		B80000000000000000000001 /* Supabase */ = {
			isa = XCSwiftPackageProductDependency;
			package = B70000000000000000000001 /* XCRemoteSwiftPackageReference "supabase-swift" */;
			productName = Supabase;
		};
		FB8000000000000000000001 /* Sentry */ = {
			isa = XCSwiftPackageProductDependency;
			package = FB7000000000000000000001 /* XCRemoteSwiftPackageReference "sentry-cocoa" */;
			productName = Sentry;
		};
/* End XCSwiftPackageProductDependency section */
	};
	rootObject = A60000000000000000000001 /* Project object */;
}
